// !$*UTF8*$!
{
	archiveVersion = 1;
	classes = {
	};
	objectVersion = 46;
	objects = {

/* Begin PBXBuildFile section */
		0514A64113FD6BF100310111 /* xmlimport_impl.h in Headers */ = {isa = PBXBuildFile; fileRef = 0514A64013FD6BF100310111 /* xmlimport_impl.h */; settings = {ATTRIBUTES = (Public, ); }; };
		0514A64313FD6C0900310111 /* xmlimport.cpp in Sources */ = {isa = PBXBuildFile; fileRef = 0514A64213FD6C0900310111 /* xmlimport.cpp */; };
		0514A64513FD6C2100310111 /* xmlexport_impl.cpp in Sources */ = {isa = PBXBuildFile; fileRef = 0514A64413FD6C2100310111 /* xmlexport_impl.cpp */; };
		0514A64713FD6C3300310111 /* xmlexport_impl.h in Headers */ = {isa = PBXBuildFile; fileRef = 0514A64613FD6C3300310111 /* xmlexport_impl.h */; settings = {ATTRIBUTES = (Public, ); }; };
		0514A69113FDAAF500310111 /* test_xmlinput.cpp in Sources */ = {isa = PBXBuildFile; fileRef = 0514A69013FDAAF500310111 /* test_xmlinput.cpp */; };
		0514A69213FDAB5200310111 /* analysismixins.h in Headers */ = {isa = PBXBuildFile; fileRef = 0514A64913FD6D6000310111 /* analysismixins.h */; settings = {ATTRIBUTES = (Public, ); }; };
		0514A69313FDAB5200310111 /* cmn.h in Headers */ = {isa = PBXBuildFile; fileRef = 0514A64B13FD6D6000310111 /* cmn.h */; settings = {ATTRIBUTES = (Public, ); }; };
		0514A69413FDAB5200310111 /* cmnmixins.h in Headers */ = {isa = PBXBuildFile; fileRef = 0514A64D13FD6D6000310111 /* cmnmixins.h */; settings = {ATTRIBUTES = (Public, ); }; };
		0514A69513FDAB5200310111 /* cmnornaments.h in Headers */ = {isa = PBXBuildFile; fileRef = 0514A64F13FD6D6000310111 /* cmnornaments.h */; settings = {ATTRIBUTES = (Public, ); }; };
		0514A69613FDAB5200310111 /* cmnornamentsmixins.h in Headers */ = {isa = PBXBuildFile; fileRef = 0514A65113FD6D6000310111 /* cmnornamentsmixins.h */; settings = {ATTRIBUTES = (Public, ); }; };
		0514A69713FDAB5200310111 /* corpus.h in Headers */ = {isa = PBXBuildFile; fileRef = 0514A65313FD6D6000310111 /* corpus.h */; settings = {ATTRIBUTES = (Public, ); }; };
		0514A69813FDAB5200310111 /* critapp.h in Headers */ = {isa = PBXBuildFile; fileRef = 0514A65513FD6D6000310111 /* critapp.h */; settings = {ATTRIBUTES = (Public, ); }; };
		0514A69913FDAB5200310111 /* critappmixins.h in Headers */ = {isa = PBXBuildFile; fileRef = 0514A65713FD6D6000310111 /* critappmixins.h */; settings = {ATTRIBUTES = (Public, ); }; };
		0514A69A13FDAB5200310111 /* edittrans.h in Headers */ = {isa = PBXBuildFile; fileRef = 0514A65913FD6D6000310111 /* edittrans.h */; settings = {ATTRIBUTES = (Public, ); }; };
		0514A69B13FDAB5200310111 /* edittransmixins.h in Headers */ = {isa = PBXBuildFile; fileRef = 0514A65B13FD6D6000310111 /* edittransmixins.h */; settings = {ATTRIBUTES = (Public, ); }; };
		0514A69C13FDAB5200310111 /* facsimile.h in Headers */ = {isa = PBXBuildFile; fileRef = 0514A65D13FD6D6000310111 /* facsimile.h */; settings = {ATTRIBUTES = (Public, ); }; };
		0514A69D13FDAB5200310111 /* facsimilemixins.h in Headers */ = {isa = PBXBuildFile; fileRef = 0514A65F13FD6D6000310111 /* facsimilemixins.h */; settings = {ATTRIBUTES = (Public, ); }; };
		0514A69E13FDAB5200310111 /* figtable.h in Headers */ = {isa = PBXBuildFile; fileRef = 0514A66113FD6D6000310111 /* figtable.h */; settings = {ATTRIBUTES = (Public, ); }; };
		0514A69F13FDAB5200310111 /* figtablemixins.h in Headers */ = {isa = PBXBuildFile; fileRef = 0514A66313FD6D6000310111 /* figtablemixins.h */; settings = {ATTRIBUTES = (Public, ); }; };
		0514A6A013FDAB5200310111 /* harmony.h in Headers */ = {isa = PBXBuildFile; fileRef = 0514A66513FD6D6000310111 /* harmony.h */; settings = {ATTRIBUTES = (Public, ); }; };
		0514A6A113FDAB5200310111 /* harmonymixins.h in Headers */ = {isa = PBXBuildFile; fileRef = 0514A66713FD6D6000310111 /* harmonymixins.h */; settings = {ATTRIBUTES = (Public, ); }; };
		0514A6A213FDAB5200310111 /* header.h in Headers */ = {isa = PBXBuildFile; fileRef = 0514A66913FD6D6000310111 /* header.h */; settings = {ATTRIBUTES = (Public, ); }; };
		0514A6A313FDAB5200310111 /* headermixins.h in Headers */ = {isa = PBXBuildFile; fileRef = 0514A66B13FD6D6000310111 /* headermixins.h */; settings = {ATTRIBUTES = (Public, ); }; };
		0514A6A413FDAB5200310111 /* linkalign.h in Headers */ = {isa = PBXBuildFile; fileRef = 0514A66D13FD6D6000310111 /* linkalign.h */; settings = {ATTRIBUTES = (Public, ); }; };
		0514A6A513FDAB5200310111 /* linkalignmixins.h in Headers */ = {isa = PBXBuildFile; fileRef = 0514A66F13FD6D6000310111 /* linkalignmixins.h */; settings = {ATTRIBUTES = (Public, ); }; };
		0514A6A613FDAB5200310111 /* lyrics.h in Headers */ = {isa = PBXBuildFile; fileRef = 0514A67113FD6D6000310111 /* lyrics.h */; settings = {ATTRIBUTES = (Public, ); }; };
		0514A6A713FDAB5200310111 /* lyricsmixins.h in Headers */ = {isa = PBXBuildFile; fileRef = 0514A67313FD6D6000310111 /* lyricsmixins.h */; settings = {ATTRIBUTES = (Public, ); }; };
		0514A6A813FDAB5200310111 /* mensural.h in Headers */ = {isa = PBXBuildFile; fileRef = 0514A67513FD6D6000310111 /* mensural.h */; settings = {ATTRIBUTES = (Public, ); }; };
		0514A6A913FDAB5200310111 /* mensuralmixins.h in Headers */ = {isa = PBXBuildFile; fileRef = 0514A67713FD6D6000310111 /* mensuralmixins.h */; settings = {ATTRIBUTES = (Public, ); }; };
		0514A6AA13FDAB5200310111 /* midi.h in Headers */ = {isa = PBXBuildFile; fileRef = 0514A67913FD6D6000310111 /* midi.h */; settings = {ATTRIBUTES = (Public, ); }; };
		0514A6AB13FDAB5200310111 /* midimixins.h in Headers */ = {isa = PBXBuildFile; fileRef = 0514A67B13FD6D6000310111 /* midimixins.h */; settings = {ATTRIBUTES = (Public, ); }; };
		0514A6AC13FDAB5200310111 /* namesdates.h in Headers */ = {isa = PBXBuildFile; fileRef = 0514A67D13FD6D6000310111 /* namesdates.h */; settings = {ATTRIBUTES = (Public, ); }; };
		0514A6AD13FDAB5200310111 /* neumes.h in Headers */ = {isa = PBXBuildFile; fileRef = 0514A67F13FD6D6000310111 /* neumes.h */; settings = {ATTRIBUTES = (Public, ); }; };
		0514A6AE13FDAB5200310111 /* neumesmixins.h in Headers */ = {isa = PBXBuildFile; fileRef = 0514A68113FD6D6000310111 /* neumesmixins.h */; settings = {ATTRIBUTES = (Public, ); }; };
		0514A6AF13FDAB5200310111 /* performance.h in Headers */ = {isa = PBXBuildFile; fileRef = 0514A68313FD6D6000310111 /* performance.h */; settings = {ATTRIBUTES = (Public, ); }; };
		0514A6B013FDAB5200310111 /* ptrref.h in Headers */ = {isa = PBXBuildFile; fileRef = 0514A68513FD6D6000310111 /* ptrref.h */; settings = {ATTRIBUTES = (Public, ); }; };
		0514A6B113FDAB5200310111 /* shared.h in Headers */ = {isa = PBXBuildFile; fileRef = 0514A68713FD6D6000310111 /* shared.h */; settings = {ATTRIBUTES = (Public, ); }; };
		0514A6B213FDAB5200310111 /* sharedmixins.h in Headers */ = {isa = PBXBuildFile; fileRef = 0514A68913FD6D6000310111 /* sharedmixins.h */; settings = {ATTRIBUTES = (Public, ); }; };
		0514A6B313FDAB5200310111 /* tablaturemixins.h in Headers */ = {isa = PBXBuildFile; fileRef = 0514A68B13FD6D6000310111 /* tablaturemixins.h */; settings = {ATTRIBUTES = (Public, ); }; };
		0514A6B413FDAB5200310111 /* text.h in Headers */ = {isa = PBXBuildFile; fileRef = 0514A68D13FD6D6000310111 /* text.h */; settings = {ATTRIBUTES = (Public, ); }; };
		0514A6B513FDAB5200310111 /* usersymbols.h in Headers */ = {isa = PBXBuildFile; fileRef = 0514A68F13FD6D6000310111 /* usersymbols.h */; settings = {ATTRIBUTES = (Public, ); }; };
		0514A6B613FDABAB00310111 /* analysismixins.cpp in Sources */ = {isa = PBXBuildFile; fileRef = 0514A64813FD6D6000310111 /* analysismixins.cpp */; };
		0514A6B713FDABAB00310111 /* cmn.cpp in Sources */ = {isa = PBXBuildFile; fileRef = 0514A64A13FD6D6000310111 /* cmn.cpp */; };
		0514A6B813FDABAB00310111 /* cmnmixins.cpp in Sources */ = {isa = PBXBuildFile; fileRef = 0514A64C13FD6D6000310111 /* cmnmixins.cpp */; };
		0514A6B913FDABAB00310111 /* cmnornaments.cpp in Sources */ = {isa = PBXBuildFile; fileRef = 0514A64E13FD6D6000310111 /* cmnornaments.cpp */; };
		0514A6BA13FDABAB00310111 /* cmnornamentsmixins.cpp in Sources */ = {isa = PBXBuildFile; fileRef = 0514A65013FD6D6000310111 /* cmnornamentsmixins.cpp */; };
		0514A6BB13FDABAB00310111 /* corpus.cpp in Sources */ = {isa = PBXBuildFile; fileRef = 0514A65213FD6D6000310111 /* corpus.cpp */; };
		0514A6BC13FDABAB00310111 /* critapp.cpp in Sources */ = {isa = PBXBuildFile; fileRef = 0514A65413FD6D6000310111 /* critapp.cpp */; };
		0514A6BD13FDABAB00310111 /* critappmixins.cpp in Sources */ = {isa = PBXBuildFile; fileRef = 0514A65613FD6D6000310111 /* critappmixins.cpp */; };
		0514A6BE13FDABAB00310111 /* edittrans.cpp in Sources */ = {isa = PBXBuildFile; fileRef = 0514A65813FD6D6000310111 /* edittrans.cpp */; };
		0514A6BF13FDABAB00310111 /* edittransmixins.cpp in Sources */ = {isa = PBXBuildFile; fileRef = 0514A65A13FD6D6000310111 /* edittransmixins.cpp */; };
		0514A6C013FDABAB00310111 /* facsimile.cpp in Sources */ = {isa = PBXBuildFile; fileRef = 0514A65C13FD6D6000310111 /* facsimile.cpp */; };
		0514A6C113FDABAB00310111 /* facsimilemixins.cpp in Sources */ = {isa = PBXBuildFile; fileRef = 0514A65E13FD6D6000310111 /* facsimilemixins.cpp */; };
		0514A6C213FDABAB00310111 /* figtable.cpp in Sources */ = {isa = PBXBuildFile; fileRef = 0514A66013FD6D6000310111 /* figtable.cpp */; };
		0514A6C313FDABAB00310111 /* figtablemixins.cpp in Sources */ = {isa = PBXBuildFile; fileRef = 0514A66213FD6D6000310111 /* figtablemixins.cpp */; };
		0514A6C413FDABAB00310111 /* harmony.cpp in Sources */ = {isa = PBXBuildFile; fileRef = 0514A66413FD6D6000310111 /* harmony.cpp */; };
		0514A6C513FDABAB00310111 /* harmonymixins.cpp in Sources */ = {isa = PBXBuildFile; fileRef = 0514A66613FD6D6000310111 /* harmonymixins.cpp */; };
		0514A6C613FDABAB00310111 /* header.cpp in Sources */ = {isa = PBXBuildFile; fileRef = 0514A66813FD6D6000310111 /* header.cpp */; };
		0514A6C713FDABAB00310111 /* headermixins.cpp in Sources */ = {isa = PBXBuildFile; fileRef = 0514A66A13FD6D6000310111 /* headermixins.cpp */; };
		0514A6C813FDABAB00310111 /* linkalign.cpp in Sources */ = {isa = PBXBuildFile; fileRef = 0514A66C13FD6D6000310111 /* linkalign.cpp */; };
		0514A6C913FDABAB00310111 /* linkalignmixins.cpp in Sources */ = {isa = PBXBuildFile; fileRef = 0514A66E13FD6D6000310111 /* linkalignmixins.cpp */; };
		0514A6CA13FDABAB00310111 /* lyrics.cpp in Sources */ = {isa = PBXBuildFile; fileRef = 0514A67013FD6D6000310111 /* lyrics.cpp */; };
		0514A6CB13FDABAB00310111 /* lyricsmixins.cpp in Sources */ = {isa = PBXBuildFile; fileRef = 0514A67213FD6D6000310111 /* lyricsmixins.cpp */; };
		0514A6CC13FDABAB00310111 /* mensural.cpp in Sources */ = {isa = PBXBuildFile; fileRef = 0514A67413FD6D6000310111 /* mensural.cpp */; };
		0514A6CD13FDABAB00310111 /* mensuralmixins.cpp in Sources */ = {isa = PBXBuildFile; fileRef = 0514A67613FD6D6000310111 /* mensuralmixins.cpp */; };
		0514A6CE13FDABAB00310111 /* midi.cpp in Sources */ = {isa = PBXBuildFile; fileRef = 0514A67813FD6D6000310111 /* midi.cpp */; };
		0514A6CF13FDABAB00310111 /* midimixins.cpp in Sources */ = {isa = PBXBuildFile; fileRef = 0514A67A13FD6D6000310111 /* midimixins.cpp */; };
		0514A6D013FDABAB00310111 /* namesdates.cpp in Sources */ = {isa = PBXBuildFile; fileRef = 0514A67C13FD6D6000310111 /* namesdates.cpp */; };
		0514A6D113FDABAB00310111 /* neumes.cpp in Sources */ = {isa = PBXBuildFile; fileRef = 0514A67E13FD6D6000310111 /* neumes.cpp */; };
		0514A6D213FDABAB00310111 /* neumesmixins.cpp in Sources */ = {isa = PBXBuildFile; fileRef = 0514A68013FD6D6000310111 /* neumesmixins.cpp */; };
		0514A6D313FDABAB00310111 /* performance.cpp in Sources */ = {isa = PBXBuildFile; fileRef = 0514A68213FD6D6000310111 /* performance.cpp */; };
		0514A6D413FDABAB00310111 /* ptrref.cpp in Sources */ = {isa = PBXBuildFile; fileRef = 0514A68413FD6D6000310111 /* ptrref.cpp */; };
		0514A6D513FDABAB00310111 /* shared.cpp in Sources */ = {isa = PBXBuildFile; fileRef = 0514A68613FD6D6000310111 /* shared.cpp */; };
		0514A6D613FDABAB00310111 /* sharedmixins.cpp in Sources */ = {isa = PBXBuildFile; fileRef = 0514A68813FD6D6000310111 /* sharedmixins.cpp */; };
		0514A6D713FDABAB00310111 /* tablaturemixins.cpp in Sources */ = {isa = PBXBuildFile; fileRef = 0514A68A13FD6D6000310111 /* tablaturemixins.cpp */; };
		0514A6D813FDABAB00310111 /* text.cpp in Sources */ = {isa = PBXBuildFile; fileRef = 0514A68C13FD6D6000310111 /* text.cpp */; };
		0514A6D913FDABAB00310111 /* usersymbols.cpp in Sources */ = {isa = PBXBuildFile; fileRef = 0514A68E13FD6D6000310111 /* usersymbols.cpp */; };
		0514A6DA13FDB42200310111 /* mei.framework in Frameworks */ = {isa = PBXBuildFile; fileRef = 61DBCCCF1312C85D00B46918 /* mei.framework */; };
		058359E813FB2F8700919769 /* test_meielement.cpp in Sources */ = {isa = PBXBuildFile; fileRef = 058359E613FB2F8700919769 /* test_meielement.cpp */; };
		058359E913FB2F8700919769 /* test_shared.cpp in Sources */ = {isa = PBXBuildFile; fileRef = 058359E713FB2F8700919769 /* test_shared.cpp */; };
		059A88B014016691006BA118 /* bach.mei in CopyFiles */ = {isa = PBXBuildFile; fileRef = 059A88AE1401667A006BA118 /* bach.mei */; };
		05B6605814017D8400D54F9A /* test_xmloutput.cpp in Sources */ = {isa = PBXBuildFile; fileRef = 05B6605714017A2800D54F9A /* test_xmloutput.cpp */; };
		05C9B31B13FC0BD000E68B21 /* gtest.framework in Frameworks */ = {isa = PBXBuildFile; fileRef = 05C9B31913FC0BC300E68B21 /* gtest.framework */; };
		05C9B31C13FC2D2C00E68B21 /* mei.framework in Frameworks */ = {isa = PBXBuildFile; fileRef = 61DBCCCF1312C85D00B46918 /* mei.framework */; };
		05CEA56613FC61CB0009A15E /* test_meifactory.cpp in Sources */ = {isa = PBXBuildFile; fileRef = 05CEA56513FC61CB0009A15E /* test_meifactory.cpp */; };
		05CEA57813FC78B00009A15E /* runmei.cpp in Sources */ = {isa = PBXBuildFile; fileRef = 05CEA56913FC78520009A15E /* runmei.cpp */; };
		617B434A1304563100EBBE7F /* readmei.cpp in Sources */ = {isa = PBXBuildFile; fileRef = 617B43351304540E00EBBE7F /* readmei.cpp */; };
		61DBCCD71312C86F00B46918 /* mei.h in Headers */ = {isa = PBXBuildFile; fileRef = 617B4322130450C900EBBE7F /* mei.h */; settings = {ATTRIBUTES = (Public, ); }; };
		61DBCCFC1312D00100B46918 /* mei.framework in Frameworks */ = {isa = PBXBuildFile; fileRef = 61DBCCCF1312C85D00B46918 /* mei.framework */; };
		61DBCD411312DDF500B46918 /* gtest_main.cc in Sources */ = {isa = PBXBuildFile; fileRef = 61DBCD401312DDF500B46918 /* gtest_main.cc */; };
		9B2EE933133117D700C94712 /* exceptions.h in Headers */ = {isa = PBXBuildFile; fileRef = 9B2EE931133117D700C94712 /* exceptions.h */; settings = {ATTRIBUTES = (Public, ); }; };
		9B3CB63E13214C430054C2DC /* meiattribute.h in Headers */ = {isa = PBXBuildFile; fileRef = 9B3CB63A13214C430054C2DC /* meiattribute.h */; settings = {ATTRIBUTES = (Public, ); }; };
		9B3CB63F13214C430054C2DC /* meiattribute.cpp in Sources */ = {isa = PBXBuildFile; fileRef = 9B3CB63B13214C430054C2DC /* meiattribute.cpp */; };
		9BDC643C132A905F0062255E /* meidocument.h in Headers */ = {isa = PBXBuildFile; fileRef = 9BDC6437132A90430062255E /* meidocument.h */; settings = {ATTRIBUTES = (Public, ); }; };
		9BDC643D132A905F0062255E /* meidocument.cpp in Sources */ = {isa = PBXBuildFile; fileRef = 9BDC6438132A90430062255E /* meidocument.cpp */; };
		9BE4E760131D677900A59F5D /* meielement.cpp in Sources */ = {isa = PBXBuildFile; fileRef = 9BE4E743131D570100A59F5D /* meielement.cpp */; };
		9BE4E761131D678000A59F5D /* meielement.h in Headers */ = {isa = PBXBuildFile; fileRef = 9BE4E742131D570100A59F5D /* meielement.h */; settings = {ATTRIBUTES = (Public, ); }; };
		B2D4890F13FEC61D001E2022 /* beethoven.mei in CopyFiles */ = {isa = PBXBuildFile; fileRef = 0550E41313FE18B30005B735 /* beethoven.mei */; };
		B2E397B614018B3E00161BD2 /* xmlimport.h in Headers */ = {isa = PBXBuildFile; fileRef = B2E397B514018B3E00161BD2 /* xmlimport.h */; };
/* End PBXBuildFile section */

/* Begin PBXCopyFilesBuildPhase section */
		05CEA56C13FC78890009A15E /* CopyFiles */ = {
			isa = PBXCopyFilesBuildPhase;
			buildActionMask = 2147483647;
			dstPath = /usr/share/man/man1/;
			dstSubfolderSpec = 0;
			files = (
			);
			runOnlyForDeploymentPostprocessing = 1;
		};
		B2D4890E13FEC60B001E2022 /* CopyFiles */ = {
			isa = PBXCopyFilesBuildPhase;
			buildActionMask = 2147483647;
			dstPath = "";
			dstSubfolderSpec = 16;
			files = (
				059A88B014016691006BA118 /* bach.mei in CopyFiles */,
				B2D4890F13FEC61D001E2022 /* beethoven.mei in CopyFiles */,
			);
			runOnlyForDeploymentPostprocessing = 0;
		};
/* End PBXCopyFilesBuildPhase section */

/* Begin PBXFileReference section */
		0514A64013FD6BF100310111 /* xmlimport_impl.h */ = {isa = PBXFileReference; fileEncoding = 4; lastKnownFileType = sourcecode.c.h; name = xmlimport_impl.h; path = src/import/xmlimport_impl.h; sourceTree = "<group>"; };
		0514A64213FD6C0900310111 /* xmlimport.cpp */ = {isa = PBXFileReference; fileEncoding = 4; lastKnownFileType = sourcecode.cpp.cpp; name = xmlimport.cpp; path = src/import/xmlimport.cpp; sourceTree = "<group>"; };
		0514A64413FD6C2100310111 /* xmlexport_impl.cpp */ = {isa = PBXFileReference; fileEncoding = 4; lastKnownFileType = sourcecode.cpp.cpp; name = xmlexport_impl.cpp; path = src/export/xmlexport_impl.cpp; sourceTree = "<group>"; };
		0514A64613FD6C3300310111 /* xmlexport_impl.h */ = {isa = PBXFileReference; fileEncoding = 4; lastKnownFileType = sourcecode.c.h; name = xmlexport_impl.h; path = src/export/xmlexport_impl.h; sourceTree = "<group>"; };
		0514A64813FD6D6000310111 /* analysismixins.cpp */ = {isa = PBXFileReference; lastKnownFileType = sourcecode.cpp.cpp; name = analysismixins.cpp; path = src/modules/analysismixins.cpp; sourceTree = "<group>"; };
		0514A64913FD6D6000310111 /* analysismixins.h */ = {isa = PBXFileReference; lastKnownFileType = sourcecode.c.h; name = analysismixins.h; path = src/modules/analysismixins.h; sourceTree = "<group>"; };
		0514A64A13FD6D6000310111 /* cmn.cpp */ = {isa = PBXFileReference; lastKnownFileType = sourcecode.cpp.cpp; name = cmn.cpp; path = src/modules/cmn.cpp; sourceTree = "<group>"; };
		0514A64B13FD6D6000310111 /* cmn.h */ = {isa = PBXFileReference; lastKnownFileType = sourcecode.c.h; name = cmn.h; path = src/modules/cmn.h; sourceTree = "<group>"; };
		0514A64C13FD6D6000310111 /* cmnmixins.cpp */ = {isa = PBXFileReference; lastKnownFileType = sourcecode.cpp.cpp; name = cmnmixins.cpp; path = src/modules/cmnmixins.cpp; sourceTree = "<group>"; };
		0514A64D13FD6D6000310111 /* cmnmixins.h */ = {isa = PBXFileReference; lastKnownFileType = sourcecode.c.h; name = cmnmixins.h; path = src/modules/cmnmixins.h; sourceTree = "<group>"; };
		0514A64E13FD6D6000310111 /* cmnornaments.cpp */ = {isa = PBXFileReference; lastKnownFileType = sourcecode.cpp.cpp; name = cmnornaments.cpp; path = src/modules/cmnornaments.cpp; sourceTree = "<group>"; };
		0514A64F13FD6D6000310111 /* cmnornaments.h */ = {isa = PBXFileReference; lastKnownFileType = sourcecode.c.h; name = cmnornaments.h; path = src/modules/cmnornaments.h; sourceTree = "<group>"; };
		0514A65013FD6D6000310111 /* cmnornamentsmixins.cpp */ = {isa = PBXFileReference; lastKnownFileType = sourcecode.cpp.cpp; name = cmnornamentsmixins.cpp; path = src/modules/cmnornamentsmixins.cpp; sourceTree = "<group>"; };
		0514A65113FD6D6000310111 /* cmnornamentsmixins.h */ = {isa = PBXFileReference; lastKnownFileType = sourcecode.c.h; name = cmnornamentsmixins.h; path = src/modules/cmnornamentsmixins.h; sourceTree = "<group>"; };
		0514A65213FD6D6000310111 /* corpus.cpp */ = {isa = PBXFileReference; lastKnownFileType = sourcecode.cpp.cpp; name = corpus.cpp; path = src/modules/corpus.cpp; sourceTree = "<group>"; };
		0514A65313FD6D6000310111 /* corpus.h */ = {isa = PBXFileReference; lastKnownFileType = sourcecode.c.h; name = corpus.h; path = src/modules/corpus.h; sourceTree = "<group>"; };
		0514A65413FD6D6000310111 /* critapp.cpp */ = {isa = PBXFileReference; lastKnownFileType = sourcecode.cpp.cpp; name = critapp.cpp; path = src/modules/critapp.cpp; sourceTree = "<group>"; };
		0514A65513FD6D6000310111 /* critapp.h */ = {isa = PBXFileReference; lastKnownFileType = sourcecode.c.h; name = critapp.h; path = src/modules/critapp.h; sourceTree = "<group>"; };
		0514A65613FD6D6000310111 /* critappmixins.cpp */ = {isa = PBXFileReference; lastKnownFileType = sourcecode.cpp.cpp; name = critappmixins.cpp; path = src/modules/critappmixins.cpp; sourceTree = "<group>"; };
		0514A65713FD6D6000310111 /* critappmixins.h */ = {isa = PBXFileReference; lastKnownFileType = sourcecode.c.h; name = critappmixins.h; path = src/modules/critappmixins.h; sourceTree = "<group>"; };
		0514A65813FD6D6000310111 /* edittrans.cpp */ = {isa = PBXFileReference; lastKnownFileType = sourcecode.cpp.cpp; name = edittrans.cpp; path = src/modules/edittrans.cpp; sourceTree = "<group>"; };
		0514A65913FD6D6000310111 /* edittrans.h */ = {isa = PBXFileReference; lastKnownFileType = sourcecode.c.h; name = edittrans.h; path = src/modules/edittrans.h; sourceTree = "<group>"; };
		0514A65A13FD6D6000310111 /* edittransmixins.cpp */ = {isa = PBXFileReference; lastKnownFileType = sourcecode.cpp.cpp; name = edittransmixins.cpp; path = src/modules/edittransmixins.cpp; sourceTree = "<group>"; };
		0514A65B13FD6D6000310111 /* edittransmixins.h */ = {isa = PBXFileReference; lastKnownFileType = sourcecode.c.h; name = edittransmixins.h; path = src/modules/edittransmixins.h; sourceTree = "<group>"; };
		0514A65C13FD6D6000310111 /* facsimile.cpp */ = {isa = PBXFileReference; lastKnownFileType = sourcecode.cpp.cpp; name = facsimile.cpp; path = src/modules/facsimile.cpp; sourceTree = "<group>"; };
		0514A65D13FD6D6000310111 /* facsimile.h */ = {isa = PBXFileReference; lastKnownFileType = sourcecode.c.h; name = facsimile.h; path = src/modules/facsimile.h; sourceTree = "<group>"; };
		0514A65E13FD6D6000310111 /* facsimilemixins.cpp */ = {isa = PBXFileReference; lastKnownFileType = sourcecode.cpp.cpp; name = facsimilemixins.cpp; path = src/modules/facsimilemixins.cpp; sourceTree = "<group>"; };
		0514A65F13FD6D6000310111 /* facsimilemixins.h */ = {isa = PBXFileReference; lastKnownFileType = sourcecode.c.h; name = facsimilemixins.h; path = src/modules/facsimilemixins.h; sourceTree = "<group>"; };
		0514A66013FD6D6000310111 /* figtable.cpp */ = {isa = PBXFileReference; lastKnownFileType = sourcecode.cpp.cpp; name = figtable.cpp; path = src/modules/figtable.cpp; sourceTree = "<group>"; };
		0514A66113FD6D6000310111 /* figtable.h */ = {isa = PBXFileReference; lastKnownFileType = sourcecode.c.h; name = figtable.h; path = src/modules/figtable.h; sourceTree = "<group>"; };
		0514A66213FD6D6000310111 /* figtablemixins.cpp */ = {isa = PBXFileReference; lastKnownFileType = sourcecode.cpp.cpp; name = figtablemixins.cpp; path = src/modules/figtablemixins.cpp; sourceTree = "<group>"; };
		0514A66313FD6D6000310111 /* figtablemixins.h */ = {isa = PBXFileReference; lastKnownFileType = sourcecode.c.h; name = figtablemixins.h; path = src/modules/figtablemixins.h; sourceTree = "<group>"; };
		0514A66413FD6D6000310111 /* harmony.cpp */ = {isa = PBXFileReference; lastKnownFileType = sourcecode.cpp.cpp; name = harmony.cpp; path = src/modules/harmony.cpp; sourceTree = "<group>"; };
		0514A66513FD6D6000310111 /* harmony.h */ = {isa = PBXFileReference; lastKnownFileType = sourcecode.c.h; name = harmony.h; path = src/modules/harmony.h; sourceTree = "<group>"; };
		0514A66613FD6D6000310111 /* harmonymixins.cpp */ = {isa = PBXFileReference; lastKnownFileType = sourcecode.cpp.cpp; name = harmonymixins.cpp; path = src/modules/harmonymixins.cpp; sourceTree = "<group>"; };
		0514A66713FD6D6000310111 /* harmonymixins.h */ = {isa = PBXFileReference; lastKnownFileType = sourcecode.c.h; name = harmonymixins.h; path = src/modules/harmonymixins.h; sourceTree = "<group>"; };
		0514A66813FD6D6000310111 /* header.cpp */ = {isa = PBXFileReference; lastKnownFileType = sourcecode.cpp.cpp; name = header.cpp; path = src/modules/header.cpp; sourceTree = "<group>"; };
		0514A66913FD6D6000310111 /* header.h */ = {isa = PBXFileReference; lastKnownFileType = sourcecode.c.h; name = header.h; path = src/modules/header.h; sourceTree = "<group>"; };
		0514A66A13FD6D6000310111 /* headermixins.cpp */ = {isa = PBXFileReference; lastKnownFileType = sourcecode.cpp.cpp; name = headermixins.cpp; path = src/modules/headermixins.cpp; sourceTree = "<group>"; };
		0514A66B13FD6D6000310111 /* headermixins.h */ = {isa = PBXFileReference; lastKnownFileType = sourcecode.c.h; name = headermixins.h; path = src/modules/headermixins.h; sourceTree = "<group>"; };
		0514A66C13FD6D6000310111 /* linkalign.cpp */ = {isa = PBXFileReference; lastKnownFileType = sourcecode.cpp.cpp; name = linkalign.cpp; path = src/modules/linkalign.cpp; sourceTree = "<group>"; };
		0514A66D13FD6D6000310111 /* linkalign.h */ = {isa = PBXFileReference; lastKnownFileType = sourcecode.c.h; name = linkalign.h; path = src/modules/linkalign.h; sourceTree = "<group>"; };
		0514A66E13FD6D6000310111 /* linkalignmixins.cpp */ = {isa = PBXFileReference; lastKnownFileType = sourcecode.cpp.cpp; name = linkalignmixins.cpp; path = src/modules/linkalignmixins.cpp; sourceTree = "<group>"; };
		0514A66F13FD6D6000310111 /* linkalignmixins.h */ = {isa = PBXFileReference; lastKnownFileType = sourcecode.c.h; name = linkalignmixins.h; path = src/modules/linkalignmixins.h; sourceTree = "<group>"; };
		0514A67013FD6D6000310111 /* lyrics.cpp */ = {isa = PBXFileReference; lastKnownFileType = sourcecode.cpp.cpp; name = lyrics.cpp; path = src/modules/lyrics.cpp; sourceTree = "<group>"; };
		0514A67113FD6D6000310111 /* lyrics.h */ = {isa = PBXFileReference; lastKnownFileType = sourcecode.c.h; name = lyrics.h; path = src/modules/lyrics.h; sourceTree = "<group>"; };
		0514A67213FD6D6000310111 /* lyricsmixins.cpp */ = {isa = PBXFileReference; lastKnownFileType = sourcecode.cpp.cpp; name = lyricsmixins.cpp; path = src/modules/lyricsmixins.cpp; sourceTree = "<group>"; };
		0514A67313FD6D6000310111 /* lyricsmixins.h */ = {isa = PBXFileReference; lastKnownFileType = sourcecode.c.h; name = lyricsmixins.h; path = src/modules/lyricsmixins.h; sourceTree = "<group>"; };
		0514A67413FD6D6000310111 /* mensural.cpp */ = {isa = PBXFileReference; lastKnownFileType = sourcecode.cpp.cpp; name = mensural.cpp; path = src/modules/mensural.cpp; sourceTree = "<group>"; };
		0514A67513FD6D6000310111 /* mensural.h */ = {isa = PBXFileReference; lastKnownFileType = sourcecode.c.h; name = mensural.h; path = src/modules/mensural.h; sourceTree = "<group>"; };
		0514A67613FD6D6000310111 /* mensuralmixins.cpp */ = {isa = PBXFileReference; lastKnownFileType = sourcecode.cpp.cpp; name = mensuralmixins.cpp; path = src/modules/mensuralmixins.cpp; sourceTree = "<group>"; };
		0514A67713FD6D6000310111 /* mensuralmixins.h */ = {isa = PBXFileReference; lastKnownFileType = sourcecode.c.h; name = mensuralmixins.h; path = src/modules/mensuralmixins.h; sourceTree = "<group>"; };
		0514A67813FD6D6000310111 /* midi.cpp */ = {isa = PBXFileReference; lastKnownFileType = sourcecode.cpp.cpp; name = midi.cpp; path = src/modules/midi.cpp; sourceTree = "<group>"; };
		0514A67913FD6D6000310111 /* midi.h */ = {isa = PBXFileReference; lastKnownFileType = sourcecode.c.h; name = midi.h; path = src/modules/midi.h; sourceTree = "<group>"; };
		0514A67A13FD6D6000310111 /* midimixins.cpp */ = {isa = PBXFileReference; lastKnownFileType = sourcecode.cpp.cpp; name = midimixins.cpp; path = src/modules/midimixins.cpp; sourceTree = "<group>"; };
		0514A67B13FD6D6000310111 /* midimixins.h */ = {isa = PBXFileReference; lastKnownFileType = sourcecode.c.h; name = midimixins.h; path = src/modules/midimixins.h; sourceTree = "<group>"; };
		0514A67C13FD6D6000310111 /* namesdates.cpp */ = {isa = PBXFileReference; lastKnownFileType = sourcecode.cpp.cpp; name = namesdates.cpp; path = src/modules/namesdates.cpp; sourceTree = "<group>"; };
		0514A67D13FD6D6000310111 /* namesdates.h */ = {isa = PBXFileReference; lastKnownFileType = sourcecode.c.h; name = namesdates.h; path = src/modules/namesdates.h; sourceTree = "<group>"; };
		0514A67E13FD6D6000310111 /* neumes.cpp */ = {isa = PBXFileReference; lastKnownFileType = sourcecode.cpp.cpp; name = neumes.cpp; path = src/modules/neumes.cpp; sourceTree = "<group>"; };
		0514A67F13FD6D6000310111 /* neumes.h */ = {isa = PBXFileReference; lastKnownFileType = sourcecode.c.h; name = neumes.h; path = src/modules/neumes.h; sourceTree = "<group>"; };
		0514A68013FD6D6000310111 /* neumesmixins.cpp */ = {isa = PBXFileReference; lastKnownFileType = sourcecode.cpp.cpp; name = neumesmixins.cpp; path = src/modules/neumesmixins.cpp; sourceTree = "<group>"; };
		0514A68113FD6D6000310111 /* neumesmixins.h */ = {isa = PBXFileReference; lastKnownFileType = sourcecode.c.h; name = neumesmixins.h; path = src/modules/neumesmixins.h; sourceTree = "<group>"; };
		0514A68213FD6D6000310111 /* performance.cpp */ = {isa = PBXFileReference; lastKnownFileType = sourcecode.cpp.cpp; name = performance.cpp; path = src/modules/performance.cpp; sourceTree = "<group>"; };
		0514A68313FD6D6000310111 /* performance.h */ = {isa = PBXFileReference; lastKnownFileType = sourcecode.c.h; name = performance.h; path = src/modules/performance.h; sourceTree = "<group>"; };
		0514A68413FD6D6000310111 /* ptrref.cpp */ = {isa = PBXFileReference; lastKnownFileType = sourcecode.cpp.cpp; name = ptrref.cpp; path = src/modules/ptrref.cpp; sourceTree = "<group>"; };
		0514A68513FD6D6000310111 /* ptrref.h */ = {isa = PBXFileReference; lastKnownFileType = sourcecode.c.h; name = ptrref.h; path = src/modules/ptrref.h; sourceTree = "<group>"; };
		0514A68613FD6D6000310111 /* shared.cpp */ = {isa = PBXFileReference; lastKnownFileType = sourcecode.cpp.cpp; name = shared.cpp; path = src/modules/shared.cpp; sourceTree = "<group>"; };
		0514A68713FD6D6000310111 /* shared.h */ = {isa = PBXFileReference; lastKnownFileType = sourcecode.c.h; name = shared.h; path = src/modules/shared.h; sourceTree = "<group>"; };
		0514A68813FD6D6000310111 /* sharedmixins.cpp */ = {isa = PBXFileReference; lastKnownFileType = sourcecode.cpp.cpp; name = sharedmixins.cpp; path = src/modules/sharedmixins.cpp; sourceTree = "<group>"; };
		0514A68913FD6D6000310111 /* sharedmixins.h */ = {isa = PBXFileReference; lastKnownFileType = sourcecode.c.h; name = sharedmixins.h; path = src/modules/sharedmixins.h; sourceTree = "<group>"; };
		0514A68A13FD6D6000310111 /* tablaturemixins.cpp */ = {isa = PBXFileReference; lastKnownFileType = sourcecode.cpp.cpp; name = tablaturemixins.cpp; path = src/modules/tablaturemixins.cpp; sourceTree = "<group>"; };
		0514A68B13FD6D6000310111 /* tablaturemixins.h */ = {isa = PBXFileReference; lastKnownFileType = sourcecode.c.h; name = tablaturemixins.h; path = src/modules/tablaturemixins.h; sourceTree = "<group>"; };
		0514A68C13FD6D6000310111 /* text.cpp */ = {isa = PBXFileReference; lastKnownFileType = sourcecode.cpp.cpp; name = text.cpp; path = src/modules/text.cpp; sourceTree = "<group>"; };
		0514A68D13FD6D6000310111 /* text.h */ = {isa = PBXFileReference; lastKnownFileType = sourcecode.c.h; name = text.h; path = src/modules/text.h; sourceTree = "<group>"; };
		0514A68E13FD6D6000310111 /* usersymbols.cpp */ = {isa = PBXFileReference; lastKnownFileType = sourcecode.cpp.cpp; name = usersymbols.cpp; path = src/modules/usersymbols.cpp; sourceTree = "<group>"; };
		0514A68F13FD6D6000310111 /* usersymbols.h */ = {isa = PBXFileReference; lastKnownFileType = sourcecode.c.h; name = usersymbols.h; path = src/modules/usersymbols.h; sourceTree = "<group>"; };
		0514A69013FDAAF500310111 /* test_xmlinput.cpp */ = {isa = PBXFileReference; fileEncoding = 4; lastKnownFileType = sourcecode.cpp.cpp; name = test_xmlinput.cpp; path = test/test_xmlinput.cpp; sourceTree = "<group>"; };
		0550E41313FE18B30005B735 /* beethoven.mei */ = {isa = PBXFileReference; lastKnownFileType = text.xml; name = beethoven.mei; path = test/beethoven.mei; sourceTree = "<group>"; };
		058359E613FB2F8700919769 /* test_meielement.cpp */ = {isa = PBXFileReference; fileEncoding = 4; lastKnownFileType = sourcecode.cpp.cpp; name = test_meielement.cpp; path = test/test_meielement.cpp; sourceTree = "<group>"; };
		058359E713FB2F8700919769 /* test_shared.cpp */ = {isa = PBXFileReference; fileEncoding = 4; lastKnownFileType = sourcecode.cpp.cpp; name = test_shared.cpp; path = test/test_shared.cpp; sourceTree = "<group>"; };
		059A88AE1401667A006BA118 /* bach.mei */ = {isa = PBXFileReference; lastKnownFileType = text.xml; name = bach.mei; path = test/bach.mei; sourceTree = "<group>"; };
		05B6605714017A2800D54F9A /* test_xmloutput.cpp */ = {isa = PBXFileReference; lastKnownFileType = sourcecode.cpp.cpp; name = test_xmloutput.cpp; path = test/test_xmloutput.cpp; sourceTree = "<group>"; };
		05C9B31913FC0BC300E68B21 /* gtest.framework */ = {isa = PBXFileReference; lastKnownFileType = wrapper.framework; name = gtest.framework; path = Library/Frameworks/gtest.framework; sourceTree = SDKROOT; };
		05CEA56513FC61CB0009A15E /* test_meifactory.cpp */ = {isa = PBXFileReference; fileEncoding = 4; lastKnownFileType = sourcecode.cpp.cpp; name = test_meifactory.cpp; path = test/test_meifactory.cpp; sourceTree = "<group>"; };
		05CEA56913FC78520009A15E /* runmei.cpp */ = {isa = PBXFileReference; lastKnownFileType = sourcecode.cpp.cpp; name = runmei.cpp; path = util/runmei.cpp; sourceTree = "<group>"; };
		05CEA56E13FC78890009A15E /* runmei */ = {isa = PBXFileReference; explicitFileType = "compiled.mach-o.executable"; includeInIndex = 0; path = runmei; sourceTree = BUILT_PRODUCTS_DIR; };
		05CEA57A13FC7E570009A15E /* gtest.framework */ = {isa = PBXFileReference; lastKnownFileType = wrapper.framework; name = gtest.framework; path = Library/Frameworks/gtest.framework; sourceTree = SDKROOT; };
		5073E0C609E734A800EC74B6 /* libmeiProj.xcconfig */ = {isa = PBXFileReference; fileEncoding = 30; lastKnownFileType = text.xcconfig; path = libmeiProj.xcconfig; sourceTree = "<group>"; };
		5073E0C709E734A800EC74B6 /* libmeiTarget.xcconfig */ = {isa = PBXFileReference; fileEncoding = 30; lastKnownFileType = text.xcconfig; path = libmeiTarget.xcconfig; sourceTree = "<group>"; };
		617B4322130450C900EBBE7F /* mei.h */ = {isa = PBXFileReference; fileEncoding = 4; lastKnownFileType = sourcecode.c.h; name = mei.h; path = src/mei.h; sourceTree = "<group>"; };
		617B43351304540E00EBBE7F /* readmei.cpp */ = {isa = PBXFileReference; fileEncoding = 4; lastKnownFileType = sourcecode.cpp.cpp; name = readmei.cpp; path = util/readmei.cpp; sourceTree = "<group>"; };
		617B43441304560400EBBE7F /* readmei */ = {isa = PBXFileReference; explicitFileType = "compiled.mach-o.executable"; includeInIndex = 0; path = readmei; sourceTree = BUILT_PRODUCTS_DIR; };
		61DBCC271312C04000B46918 /* mei_test */ = {isa = PBXFileReference; explicitFileType = "compiled.mach-o.executable"; includeInIndex = 0; path = mei_test; sourceTree = BUILT_PRODUCTS_DIR; };
		61DBCCCF1312C85D00B46918 /* mei.framework */ = {isa = PBXFileReference; explicitFileType = wrapper.framework; includeInIndex = 0; path = mei.framework; sourceTree = BUILT_PRODUCTS_DIR; };
		61DBCCD01312C85E00B46918 /* mei-Info.plist */ = {isa = PBXFileReference; lastKnownFileType = text.plist.xml; path = "mei-Info.plist"; sourceTree = "<group>"; };
		61DBCD401312DDF500B46918 /* gtest_main.cc */ = {isa = PBXFileReference; fileEncoding = 4; lastKnownFileType = sourcecode.cpp.cpp; name = gtest_main.cc; path = test/gtest_main.cc; sourceTree = "<group>"; };
		9B2EE931133117D700C94712 /* exceptions.h */ = {isa = PBXFileReference; fileEncoding = 4; lastKnownFileType = sourcecode.c.h; name = exceptions.h; path = src/exceptions.h; sourceTree = "<group>"; };
		9B3CB63A13214C430054C2DC /* meiattribute.h */ = {isa = PBXFileReference; fileEncoding = 4; lastKnownFileType = sourcecode.c.h; name = meiattribute.h; path = src/meiattribute.h; sourceTree = "<group>"; };
		9B3CB63B13214C430054C2DC /* meiattribute.cpp */ = {isa = PBXFileReference; fileEncoding = 4; lastKnownFileType = sourcecode.cpp.cpp; name = meiattribute.cpp; path = src/meiattribute.cpp; sourceTree = "<group>"; };
		9BDC6437132A90430062255E /* meidocument.h */ = {isa = PBXFileReference; fileEncoding = 4; lastKnownFileType = sourcecode.c.h; name = meidocument.h; path = src/meidocument.h; sourceTree = "<group>"; };
		9BDC6438132A90430062255E /* meidocument.cpp */ = {isa = PBXFileReference; fileEncoding = 4; lastKnownFileType = sourcecode.cpp.cpp; name = meidocument.cpp; path = src/meidocument.cpp; sourceTree = "<group>"; };
		9BE4E742131D570100A59F5D /* meielement.h */ = {isa = PBXFileReference; fileEncoding = 4; lastKnownFileType = sourcecode.c.h; name = meielement.h; path = src/meielement.h; sourceTree = "<group>"; xcLanguageSpecificationIdentifier = xcode.lang.cpp; };
		9BE4E743131D570100A59F5D /* meielement.cpp */ = {isa = PBXFileReference; fileEncoding = 4; lastKnownFileType = sourcecode.cpp.cpp; name = meielement.cpp; path = src/meielement.cpp; sourceTree = "<group>"; };
		B2E397B514018B3E00161BD2 /* xmlimport.h */ = {isa = PBXFileReference; fileEncoding = 4; lastKnownFileType = sourcecode.c.h; name = xmlimport.h; path = src/import/xmlimport.h; sourceTree = "<group>"; };
/* End PBXFileReference section */

/* Begin PBXFrameworksBuildPhase section */
		05CEA56B13FC78890009A15E /* Frameworks */ = {
			isa = PBXFrameworksBuildPhase;
			buildActionMask = 2147483647;
			files = (
				0514A6DA13FDB42200310111 /* mei.framework in Frameworks */,
			);
			runOnlyForDeploymentPostprocessing = 0;
		};
		617B43421304560400EBBE7F /* Frameworks */ = {
			isa = PBXFrameworksBuildPhase;
			buildActionMask = 2147483647;
			files = (
				61DBCCFC1312D00100B46918 /* mei.framework in Frameworks */,
			);
			runOnlyForDeploymentPostprocessing = 0;
		};
		61DBCC251312C04000B46918 /* Frameworks */ = {
			isa = PBXFrameworksBuildPhase;
			buildActionMask = 2147483647;
			files = (
				05C9B31C13FC2D2C00E68B21 /* mei.framework in Frameworks */,
				05C9B31B13FC0BD000E68B21 /* gtest.framework in Frameworks */,
			);
			runOnlyForDeploymentPostprocessing = 0;
		};
		61DBCCCD1312C85D00B46918 /* Frameworks */ = {
			isa = PBXFrameworksBuildPhase;
			buildActionMask = 2147483647;
			files = (
			);
			runOnlyForDeploymentPostprocessing = 0;
		};
/* End PBXFrameworksBuildPhase section */

/* Begin PBXGroup section */
		034768DDFF38A45A11DB9C8B /* Products */ = {
			isa = PBXGroup;
			children = (
				617B43441304560400EBBE7F /* readmei */,
				61DBCC271312C04000B46918 /* mei_test */,
				61DBCCCF1312C85D00B46918 /* mei.framework */,
				05CEA56E13FC78890009A15E /* runmei */,
			);
			name = Products;
			sourceTree = "<group>";
		};
		0514A63D13FD6B8500310111 /* Import */ = {
			isa = PBXGroup;
			children = (
				B2E397B514018B3E00161BD2 /* xmlimport.h */,
				0514A64013FD6BF100310111 /* xmlimport_impl.h */,
				0514A64213FD6C0900310111 /* xmlimport.cpp */,
			);
			name = Import;
			sourceTree = "<group>";
		};
		0514A63F13FD6B8E00310111 /* Export */ = {
			isa = PBXGroup;
			children = (
				0514A64413FD6C2100310111 /* xmlexport_impl.cpp */,
				0514A64613FD6C3300310111 /* xmlexport_impl.h */,
			);
			name = Export;
			sourceTree = "<group>";
		};
		0867D691FE84028FC02AAC07 /* libmei */ = {
			isa = PBXGroup;
			children = (
				05CEA57A13FC7E570009A15E /* gtest.framework */,
				617B4333130453F500EBBE7F /* Util */,
				617B42F113044EE600EBBE7F /* Test */,
				5073E0CA09E734BC00EC74B6 /* Configuration Files */,
				08FB77ACFE841707C02AAC07 /* Source */,
				0867D69AFE84028FC02AAC07 /* External Frameworks and Libraries */,
				034768DDFF38A45A11DB9C8B /* Products */,
				61DBCCD01312C85E00B46918 /* mei-Info.plist */,
			);
			name = libmei;
			sourceTree = "<group>";
		};
		0867D69AFE84028FC02AAC07 /* External Frameworks and Libraries */ = {
			isa = PBXGroup;
			children = (
				05C9B31913FC0BC300E68B21 /* gtest.framework */,
			);
			name = "External Frameworks and Libraries";
			sourceTree = "<group>";
		};
		08FB77ACFE841707C02AAC07 /* Source */ = {
			isa = PBXGroup;
			children = (
				0514A63F13FD6B8E00310111 /* Export */,
				0514A63D13FD6B8500310111 /* Import */,
				9B11C8A5132E6C4E0090FDA6 /* Modules */,
				617B4322130450C900EBBE7F /* mei.h */,
				9BE4E742131D570100A59F5D /* meielement.h */,
				9BE4E743131D570100A59F5D /* meielement.cpp */,
				9B3CB63A13214C430054C2DC /* meiattribute.h */,
				9B3CB63B13214C430054C2DC /* meiattribute.cpp */,
				9BDC6437132A90430062255E /* meidocument.h */,
				9BDC6438132A90430062255E /* meidocument.cpp */,
				9B2EE931133117D700C94712 /* exceptions.h */,
			);
			name = Source;
			sourceTree = "<group>";
		};
		5073E0CA09E734BC00EC74B6 /* Configuration Files */ = {
			isa = PBXGroup;
			children = (
				5073E0C609E734A800EC74B6 /* libmeiProj.xcconfig */,
				5073E0C709E734A800EC74B6 /* libmeiTarget.xcconfig */,
			);
			name = "Configuration Files";
			sourceTree = "<group>";
		};
		617B42F113044EE600EBBE7F /* Test */ = {
			isa = PBXGroup;
			children = (
				05B6605714017A2800D54F9A /* test_xmloutput.cpp */,
				059A88AE1401667A006BA118 /* bach.mei */,
				0550E41313FE18B30005B735 /* beethoven.mei */,
				058359E613FB2F8700919769 /* test_meielement.cpp */,
				058359E713FB2F8700919769 /* test_shared.cpp */,
				61DBCD401312DDF500B46918 /* gtest_main.cc */,
				05CEA56513FC61CB0009A15E /* test_meifactory.cpp */,
				0514A69013FDAAF500310111 /* test_xmlinput.cpp */,
			);
			name = Test;
			sourceTree = "<group>";
		};
		617B4333130453F500EBBE7F /* Util */ = {
			isa = PBXGroup;
			children = (
				05CEA56913FC78520009A15E /* runmei.cpp */,
				617B43351304540E00EBBE7F /* readmei.cpp */,
			);
			name = Util;
			sourceTree = "<group>";
		};
		9B11C8A5132E6C4E0090FDA6 /* Modules */ = {
			isa = PBXGroup;
			children = (
				0514A64813FD6D6000310111 /* analysismixins.cpp */,
				0514A64913FD6D6000310111 /* analysismixins.h */,
				0514A64A13FD6D6000310111 /* cmn.cpp */,
				0514A64B13FD6D6000310111 /* cmn.h */,
				0514A64C13FD6D6000310111 /* cmnmixins.cpp */,
				0514A64D13FD6D6000310111 /* cmnmixins.h */,
				0514A64E13FD6D6000310111 /* cmnornaments.cpp */,
				0514A64F13FD6D6000310111 /* cmnornaments.h */,
				0514A65013FD6D6000310111 /* cmnornamentsmixins.cpp */,
				0514A65113FD6D6000310111 /* cmnornamentsmixins.h */,
				0514A65213FD6D6000310111 /* corpus.cpp */,
				0514A65313FD6D6000310111 /* corpus.h */,
				0514A65413FD6D6000310111 /* critapp.cpp */,
				0514A65513FD6D6000310111 /* critapp.h */,
				0514A65613FD6D6000310111 /* critappmixins.cpp */,
				0514A65713FD6D6000310111 /* critappmixins.h */,
				0514A65813FD6D6000310111 /* edittrans.cpp */,
				0514A65913FD6D6000310111 /* edittrans.h */,
				0514A65A13FD6D6000310111 /* edittransmixins.cpp */,
				0514A65B13FD6D6000310111 /* edittransmixins.h */,
				0514A65C13FD6D6000310111 /* facsimile.cpp */,
				0514A65D13FD6D6000310111 /* facsimile.h */,
				0514A65E13FD6D6000310111 /* facsimilemixins.cpp */,
				0514A65F13FD6D6000310111 /* facsimilemixins.h */,
				0514A66013FD6D6000310111 /* figtable.cpp */,
				0514A66113FD6D6000310111 /* figtable.h */,
				0514A66213FD6D6000310111 /* figtablemixins.cpp */,
				0514A66313FD6D6000310111 /* figtablemixins.h */,
				0514A66413FD6D6000310111 /* harmony.cpp */,
				0514A66513FD6D6000310111 /* harmony.h */,
				0514A66613FD6D6000310111 /* harmonymixins.cpp */,
				0514A66713FD6D6000310111 /* harmonymixins.h */,
				0514A66813FD6D6000310111 /* header.cpp */,
				0514A66913FD6D6000310111 /* header.h */,
				0514A66A13FD6D6000310111 /* headermixins.cpp */,
				0514A66B13FD6D6000310111 /* headermixins.h */,
				0514A66C13FD6D6000310111 /* linkalign.cpp */,
				0514A66D13FD6D6000310111 /* linkalign.h */,
				0514A66E13FD6D6000310111 /* linkalignmixins.cpp */,
				0514A66F13FD6D6000310111 /* linkalignmixins.h */,
				0514A67013FD6D6000310111 /* lyrics.cpp */,
				0514A67113FD6D6000310111 /* lyrics.h */,
				0514A67213FD6D6000310111 /* lyricsmixins.cpp */,
				0514A67313FD6D6000310111 /* lyricsmixins.h */,
				0514A67413FD6D6000310111 /* mensural.cpp */,
				0514A67513FD6D6000310111 /* mensural.h */,
				0514A67613FD6D6000310111 /* mensuralmixins.cpp */,
				0514A67713FD6D6000310111 /* mensuralmixins.h */,
				0514A67813FD6D6000310111 /* midi.cpp */,
				0514A67913FD6D6000310111 /* midi.h */,
				0514A67A13FD6D6000310111 /* midimixins.cpp */,
				0514A67B13FD6D6000310111 /* midimixins.h */,
				0514A67C13FD6D6000310111 /* namesdates.cpp */,
				0514A67D13FD6D6000310111 /* namesdates.h */,
				0514A67E13FD6D6000310111 /* neumes.cpp */,
				0514A67F13FD6D6000310111 /* neumes.h */,
				0514A68013FD6D6000310111 /* neumesmixins.cpp */,
				0514A68113FD6D6000310111 /* neumesmixins.h */,
				0514A68213FD6D6000310111 /* performance.cpp */,
				0514A68313FD6D6000310111 /* performance.h */,
				0514A68413FD6D6000310111 /* ptrref.cpp */,
				0514A68513FD6D6000310111 /* ptrref.h */,
				0514A68613FD6D6000310111 /* shared.cpp */,
				0514A68713FD6D6000310111 /* shared.h */,
				0514A68813FD6D6000310111 /* sharedmixins.cpp */,
				0514A68913FD6D6000310111 /* sharedmixins.h */,
				0514A68A13FD6D6000310111 /* tablaturemixins.cpp */,
				0514A68B13FD6D6000310111 /* tablaturemixins.h */,
				0514A68C13FD6D6000310111 /* text.cpp */,
				0514A68D13FD6D6000310111 /* text.h */,
				0514A68E13FD6D6000310111 /* usersymbols.cpp */,
				0514A68F13FD6D6000310111 /* usersymbols.h */,
			);
			name = Modules;
			sourceTree = "<group>";
		};
/* End PBXGroup section */

/* Begin PBXHeadersBuildPhase section */
		61DBCCCA1312C85D00B46918 /* Headers */ = {
			isa = PBXHeadersBuildPhase;
			buildActionMask = 2147483647;
			files = (
				9B3CB63E13214C430054C2DC /* meiattribute.h in Headers */,
				61DBCCD71312C86F00B46918 /* mei.h in Headers */,
				9BE4E761131D678000A59F5D /* meielement.h in Headers */,
				9BDC643C132A905F0062255E /* meidocument.h in Headers */,
				0514A69213FDAB5200310111 /* analysismixins.h in Headers */,
				0514A69313FDAB5200310111 /* cmn.h in Headers */,
				0514A69413FDAB5200310111 /* cmnmixins.h in Headers */,
				0514A69513FDAB5200310111 /* cmnornaments.h in Headers */,
				0514A69613FDAB5200310111 /* cmnornamentsmixins.h in Headers */,
				0514A69713FDAB5200310111 /* corpus.h in Headers */,
				0514A69813FDAB5200310111 /* critapp.h in Headers */,
				0514A69913FDAB5200310111 /* critappmixins.h in Headers */,
				0514A69A13FDAB5200310111 /* edittrans.h in Headers */,
				0514A69B13FDAB5200310111 /* edittransmixins.h in Headers */,
				0514A69C13FDAB5200310111 /* facsimile.h in Headers */,
				0514A69D13FDAB5200310111 /* facsimilemixins.h in Headers */,
				0514A69E13FDAB5200310111 /* figtable.h in Headers */,
				0514A69F13FDAB5200310111 /* figtablemixins.h in Headers */,
				0514A6A013FDAB5200310111 /* harmony.h in Headers */,
				0514A6A113FDAB5200310111 /* harmonymixins.h in Headers */,
				0514A6A213FDAB5200310111 /* header.h in Headers */,
				0514A6A313FDAB5200310111 /* headermixins.h in Headers */,
				0514A6A413FDAB5200310111 /* linkalign.h in Headers */,
				0514A6A513FDAB5200310111 /* linkalignmixins.h in Headers */,
				0514A6A613FDAB5200310111 /* lyrics.h in Headers */,
				0514A6A713FDAB5200310111 /* lyricsmixins.h in Headers */,
				0514A6A813FDAB5200310111 /* mensural.h in Headers */,
				0514A6A913FDAB5200310111 /* mensuralmixins.h in Headers */,
				0514A6AA13FDAB5200310111 /* midi.h in Headers */,
				0514A6AB13FDAB5200310111 /* midimixins.h in Headers */,
				0514A6AC13FDAB5200310111 /* namesdates.h in Headers */,
				0514A6AD13FDAB5200310111 /* neumes.h in Headers */,
				0514A6AE13FDAB5200310111 /* neumesmixins.h in Headers */,
				0514A6AF13FDAB5200310111 /* performance.h in Headers */,
				0514A6B013FDAB5200310111 /* ptrref.h in Headers */,
				0514A6B113FDAB5200310111 /* shared.h in Headers */,
				0514A6B213FDAB5200310111 /* sharedmixins.h in Headers */,
				0514A6B313FDAB5200310111 /* tablaturemixins.h in Headers */,
				0514A6B413FDAB5200310111 /* text.h in Headers */,
				0514A6B513FDAB5200310111 /* usersymbols.h in Headers */,
				9B2EE933133117D700C94712 /* exceptions.h in Headers */,
				0514A64113FD6BF100310111 /* xmlimport_impl.h in Headers */,
				0514A64713FD6C3300310111 /* xmlexport_impl.h in Headers */,
				B2E397B614018B3E00161BD2 /* xmlimport.h in Headers */,
			);
			runOnlyForDeploymentPostprocessing = 0;
		};
/* End PBXHeadersBuildPhase section */

/* Begin PBXNativeTarget section */
		05CEA56D13FC78890009A15E /* runmei */ = {
			isa = PBXNativeTarget;
			buildConfigurationList = 05CEA57513FC78890009A15E /* Build configuration list for PBXNativeTarget "runmei" */;
			buildPhases = (
				05CEA56A13FC78890009A15E /* Sources */,
				05CEA56B13FC78890009A15E /* Frameworks */,
				05CEA56C13FC78890009A15E /* CopyFiles */,
			);
			buildRules = (
			);
			dependencies = (
			);
			name = runmei;
			productName = runmei;
			productReference = 05CEA56E13FC78890009A15E /* runmei */;
			productType = "com.apple.product-type.tool";
		};
		617B43431304560400EBBE7F /* readmei */ = {
			isa = PBXNativeTarget;
			buildConfigurationList = 617B434D1304566200EBBE7F /* Build configuration list for PBXNativeTarget "readmei" */;
			buildPhases = (
				617B43411304560400EBBE7F /* Sources */,
				617B43421304560400EBBE7F /* Frameworks */,
			);
			buildRules = (
			);
			dependencies = (
			);
			name = readmei;
			productName = readmei;
			productReference = 617B43441304560400EBBE7F /* readmei */;
			productType = "com.apple.product-type.tool";
		};
		61DBCC261312C04000B46918 /* mei_test */ = {
			isa = PBXNativeTarget;
			buildConfigurationList = 61DBCC2B1312C05F00B46918 /* Build configuration list for PBXNativeTarget "mei_test" */;
			buildPhases = (
				61DBCC241312C04000B46918 /* Sources */,
				61DBCC251312C04000B46918 /* Frameworks */,
				B2D4890E13FEC60B001E2022 /* CopyFiles */,
			);
			buildRules = (
			);
			dependencies = (
			);
			name = mei_test;
			productName = mei_test;
			productReference = 61DBCC271312C04000B46918 /* mei_test */;
			productType = "com.apple.product-type.tool";
		};
		61DBCCCE1312C85D00B46918 /* mei */ = {
			isa = PBXNativeTarget;
			buildConfigurationList = 61DBCCD31312C85E00B46918 /* Build configuration list for PBXNativeTarget "mei" */;
			buildPhases = (
				61DBCCCA1312C85D00B46918 /* Headers */,
				61DBCCCB1312C85D00B46918 /* Resources */,
				61DBCCCC1312C85D00B46918 /* Sources */,
				61DBCCCD1312C85D00B46918 /* Frameworks */,
			);
			buildRules = (
			);
			dependencies = (
			);
			name = mei;
			productName = mei;
			productReference = 61DBCCCF1312C85D00B46918 /* mei.framework */;
			productType = "com.apple.product-type.framework";
		};
/* End PBXNativeTarget section */

/* Begin PBXProject section */
		0867D690FE84028FC02AAC07 /* Project object */ = {
			isa = PBXProject;
			attributes = {
				LastUpgradeCheck = 0410;
			};
			buildConfigurationList = 1DEB916408733D950010E9CD /* Build configuration list for PBXProject "libmei" */;
			compatibilityVersion = "Xcode 3.2";
			developmentRegion = English;
			hasScannedForEncodings = 1;
			knownRegions = (
				English,
				Japanese,
				French,
				German,
			);
			mainGroup = 0867D691FE84028FC02AAC07 /* libmei */;
			productRefGroup = 034768DDFF38A45A11DB9C8B /* Products */;
			projectDirPath = "";
			projectRoot = "";
			targets = (
				617B43431304560400EBBE7F /* readmei */,
				61DBCC261312C04000B46918 /* mei_test */,
				61DBCCCE1312C85D00B46918 /* mei */,
				05CEA56D13FC78890009A15E /* runmei */,
			);
		};
/* End PBXProject section */

/* Begin PBXResourcesBuildPhase section */
		61DBCCCB1312C85D00B46918 /* Resources */ = {
			isa = PBXResourcesBuildPhase;
			buildActionMask = 2147483647;
			files = (
			);
			runOnlyForDeploymentPostprocessing = 0;
		};
/* End PBXResourcesBuildPhase section */

/* Begin PBXSourcesBuildPhase section */
		05CEA56A13FC78890009A15E /* Sources */ = {
			isa = PBXSourcesBuildPhase;
			buildActionMask = 2147483647;
			files = (
				05CEA57813FC78B00009A15E /* runmei.cpp in Sources */,
			);
			runOnlyForDeploymentPostprocessing = 0;
		};
		617B43411304560400EBBE7F /* Sources */ = {
			isa = PBXSourcesBuildPhase;
			buildActionMask = 2147483647;
			files = (
				617B434A1304563100EBBE7F /* readmei.cpp in Sources */,
			);
			runOnlyForDeploymentPostprocessing = 0;
		};
		61DBCC241312C04000B46918 /* Sources */ = {
			isa = PBXSourcesBuildPhase;
			buildActionMask = 2147483647;
			files = (
				61DBCD411312DDF500B46918 /* gtest_main.cc in Sources */,
				058359E813FB2F8700919769 /* test_meielement.cpp in Sources */,
				058359E913FB2F8700919769 /* test_shared.cpp in Sources */,
				05CEA56613FC61CB0009A15E /* test_meifactory.cpp in Sources */,
				0514A69113FDAAF500310111 /* test_xmlinput.cpp in Sources */,
				05B6605814017D8400D54F9A /* test_xmloutput.cpp in Sources */,
			);
			runOnlyForDeploymentPostprocessing = 0;
		};
		61DBCCCC1312C85D00B46918 /* Sources */ = {
			isa = PBXSourcesBuildPhase;
			buildActionMask = 2147483647;
			files = (
				0514A6B613FDABAB00310111 /* analysismixins.cpp in Sources */,
				0514A6B713FDABAB00310111 /* cmn.cpp in Sources */,
				0514A6B813FDABAB00310111 /* cmnmixins.cpp in Sources */,
				0514A6B913FDABAB00310111 /* cmnornaments.cpp in Sources */,
				0514A6BA13FDABAB00310111 /* cmnornamentsmixins.cpp in Sources */,
				0514A6BB13FDABAB00310111 /* corpus.cpp in Sources */,
				0514A6BC13FDABAB00310111 /* critapp.cpp in Sources */,
				0514A6BD13FDABAB00310111 /* critappmixins.cpp in Sources */,
				0514A6BE13FDABAB00310111 /* edittrans.cpp in Sources */,
				0514A6BF13FDABAB00310111 /* edittransmixins.cpp in Sources */,
				0514A6C013FDABAB00310111 /* facsimile.cpp in Sources */,
				0514A6C113FDABAB00310111 /* facsimilemixins.cpp in Sources */,
				0514A6C213FDABAB00310111 /* figtable.cpp in Sources */,
				0514A6C313FDABAB00310111 /* figtablemixins.cpp in Sources */,
				0514A6C413FDABAB00310111 /* harmony.cpp in Sources */,
				0514A6C513FDABAB00310111 /* harmonymixins.cpp in Sources */,
				0514A6C613FDABAB00310111 /* header.cpp in Sources */,
				0514A6C713FDABAB00310111 /* headermixins.cpp in Sources */,
				0514A6C813FDABAB00310111 /* linkalign.cpp in Sources */,
				0514A6C913FDABAB00310111 /* linkalignmixins.cpp in Sources */,
				0514A6CA13FDABAB00310111 /* lyrics.cpp in Sources */,
				0514A6CB13FDABAB00310111 /* lyricsmixins.cpp in Sources */,
				0514A6CC13FDABAB00310111 /* mensural.cpp in Sources */,
				0514A6CD13FDABAB00310111 /* mensuralmixins.cpp in Sources */,
				0514A6CE13FDABAB00310111 /* midi.cpp in Sources */,
				0514A6CF13FDABAB00310111 /* midimixins.cpp in Sources */,
				0514A6D013FDABAB00310111 /* namesdates.cpp in Sources */,
				0514A6D113FDABAB00310111 /* neumes.cpp in Sources */,
				0514A6D213FDABAB00310111 /* neumesmixins.cpp in Sources */,
				0514A6D313FDABAB00310111 /* performance.cpp in Sources */,
				0514A6D413FDABAB00310111 /* ptrref.cpp in Sources */,
				0514A6D513FDABAB00310111 /* shared.cpp in Sources */,
				0514A6D613FDABAB00310111 /* sharedmixins.cpp in Sources */,
				0514A6D713FDABAB00310111 /* tablaturemixins.cpp in Sources */,
				0514A6D813FDABAB00310111 /* text.cpp in Sources */,
				0514A6D913FDABAB00310111 /* usersymbols.cpp in Sources */,
				9B3CB63F13214C430054C2DC /* meiattribute.cpp in Sources */,
				9BE4E760131D677900A59F5D /* meielement.cpp in Sources */,
				9BDC643D132A905F0062255E /* meidocument.cpp in Sources */,
				0514A64313FD6C0900310111 /* xmlimport.cpp in Sources */,
				0514A64513FD6C2100310111 /* xmlexport_impl.cpp in Sources */,
			);
			runOnlyForDeploymentPostprocessing = 0;
		};
/* End PBXSourcesBuildPhase section */

/* Begin XCBuildConfiguration section */
		05CEA57613FC78890009A15E /* Debug */ = {
			isa = XCBuildConfiguration;
			buildSettings = {
				ALWAYS_SEARCH_USER_PATHS = NO;
				ARCHS = "$(ARCHS_STANDARD_32_64_BIT)";
				COPY_PHASE_STRIP = NO;
				GCC_C_LANGUAGE_STANDARD = gnu99;
				GCC_DYNAMIC_NO_PIC = NO;
				GCC_ENABLE_OBJC_EXCEPTIONS = YES;
				GCC_PREPROCESSOR_DEFINITIONS = (
					"DEBUG=1",
					"$(inherited)",
				);
				GCC_SYMBOLS_PRIVATE_EXTERN = NO;
				GCC_WARN_64_TO_32_BIT_CONVERSION = YES;
				GCC_WARN_ABOUT_MISSING_PROTOTYPES = YES;
				MACOSX_DEPLOYMENT_TARGET = 10.7;
				OTHER_LDFLAGS = "-lxml2";
				PRODUCT_NAME = "$(TARGET_NAME)";
			};
			name = Debug;
		};
		05CEA57713FC78890009A15E /* Release */ = {
			isa = XCBuildConfiguration;
			buildSettings = {
				ALWAYS_SEARCH_USER_PATHS = NO;
				ARCHS = "$(ARCHS_STANDARD_32_64_BIT)";
				COPY_PHASE_STRIP = YES;
				DEBUG_INFORMATION_FORMAT = "dwarf-with-dsym";
				GCC_ENABLE_OBJC_EXCEPTIONS = YES;
				GCC_VERSION = com.apple.compilers.llvm.clang.1_0;
				GCC_WARN_64_TO_32_BIT_CONVERSION = YES;
				GCC_WARN_ABOUT_MISSING_PROTOTYPES = YES;
				MACOSX_DEPLOYMENT_TARGET = 10.7;
				OTHER_LDFLAGS = "-lxml2";
				PRODUCT_NAME = "$(TARGET_NAME)";
			};
			name = Release;
		};
		1DEB916508733D950010E9CD /* Debug */ = {
			isa = XCBuildConfiguration;
			baseConfigurationReference = 5073E0C609E734A800EC74B6 /* libmeiProj.xcconfig */;
			buildSettings = {
				ARCHS = "$(ARCHS_STANDARD_32_64_BIT)";
				GCC_C_LANGUAGE_STANDARD = c99;
				GCC_OPTIMIZATION_LEVEL = 0;
				GCC_VERSION = com.apple.compilers.llvm.clang.1_0;
				GCC_WARN_ABOUT_RETURN_TYPE = YES;
				GCC_WARN_UNUSED_VARIABLE = YES;
				HEADER_SEARCH_PATHS = /usr/include/libxml2/;
				LIBRARY_SEARCH_PATHS = "";
				ONLY_ACTIVE_ARCH = YES;
				SDKROOT = macosx;
				WARNING_CFLAGS = "-Wall";
			};
			name = Debug;
		};
		1DEB916608733D950010E9CD /* Release */ = {
			isa = XCBuildConfiguration;
			baseConfigurationReference = 5073E0C609E734A800EC74B6 /* libmeiProj.xcconfig */;
			buildSettings = {
				ARCHS = "$(ARCHS_STANDARD_32_64_BIT)";
				GCC_C_LANGUAGE_STANDARD = gnu99;
				GCC_WARN_ABOUT_RETURN_TYPE = YES;
				GCC_WARN_UNUSED_VARIABLE = YES;
				HEADER_SEARCH_PATHS = /usr/include/libxml2;
				INSTALL_PATH = "@executable_path/../Frameworks";
				ONLY_ACTIVE_ARCH = NO;
				SDKROOT = macosx;
			};
			name = Release;
		};
		617B43461304560400EBBE7F /* Debug */ = {
			isa = XCBuildConfiguration;
			buildSettings = {
				ALWAYS_SEARCH_USER_PATHS = NO;
				COPY_PHASE_STRIP = NO;
				FRAMEWORK_SEARCH_PATHS = (
					"$(inherited)",
					"$(FRAMEWORK_SEARCH_PATHS_QUOTED_FOR_TARGET_1)",
				);
				FRAMEWORK_SEARCH_PATHS_QUOTED_FOR_TARGET_1 = "\"$(SRCROOT)/../../Downloads/gtest-1.5.0/xcode/build/Release\"";
				GCC_DYNAMIC_NO_PIC = NO;
				GCC_MODEL_TUNING = G5;
				GCC_OPTIMIZATION_LEVEL = 0;
				GCC_VERSION = com.apple.compilers.llvm.clang.1_0;
				HEADER_SEARCH_PATHS = (
					/usr/include/libxml2,
					../src,
				);
				INSTALL_PATH = /usr/local/bin;
				OTHER_LDFLAGS = "-lxml2";
				PRODUCT_NAME = readmei;
			};
			name = Debug;
		};
		617B43471304560400EBBE7F /* Release */ = {
			isa = XCBuildConfiguration;
			buildSettings = {
				ALWAYS_SEARCH_USER_PATHS = NO;
				COPY_PHASE_STRIP = YES;
				DEBUG_INFORMATION_FORMAT = "dwarf-with-dsym";
				FRAMEWORK_SEARCH_PATHS = (
					"$(inherited)",
					"$(FRAMEWORK_SEARCH_PATHS_QUOTED_FOR_TARGET_1)",
				);
				FRAMEWORK_SEARCH_PATHS_QUOTED_FOR_TARGET_1 = "\"$(SRCROOT)/../../Downloads/gtest-1.5.0/xcode/build/Release\"";
				GCC_MODEL_TUNING = G5;
				GCC_VERSION = com.apple.compilers.llvm.clang.1_0;
				HEADER_SEARCH_PATHS = ../src;
				INSTALL_PATH = /usr/local/bin;
				PRODUCT_NAME = readmei;
				ZERO_LINK = NO;
			};
			name = Release;
		};
		61DBCC291312C04100B46918 /* Debug */ = {
			isa = XCBuildConfiguration;
			buildSettings = {
				ALWAYS_SEARCH_USER_PATHS = NO;
				COPY_PHASE_STRIP = NO;
				FRAMEWORK_SEARCH_PATHS = (
					"$(inherited)",
					"$(FRAMEWORK_SEARCH_PATHS_QUOTED_FOR_TARGET_1)",
					"$(FRAMEWORK_SEARCH_PATHS_QUOTED_FOR_TARGET_2)",
					"$(FRAMEWORK_SEARCH_PATHS_QUOTED_FOR_TARGET_3)",
					"$(FRAMEWORK_SEARCH_PATHS_QUOTED_FOR_TARGET_4)",
					"$(FRAMEWORK_SEARCH_PATHS_QUOTED_FOR_TARGET_5)",
					"$(FRAMEWORK_SEARCH_PATHS_QUOTED_FOR_TARGET_6)",
				);
				GCC_DYNAMIC_NO_PIC = NO;
				GCC_MODEL_TUNING = G5;
				GCC_OPTIMIZATION_LEVEL = 0;
				INSTALL_PATH = /usr/local/bin;
				PRODUCT_NAME = mei_test;
			};
			name = Debug;
		};
		61DBCC2A1312C04100B46918 /* Release */ = {
			isa = XCBuildConfiguration;
			buildSettings = {
				ALWAYS_SEARCH_USER_PATHS = NO;
				COPY_PHASE_STRIP = YES;
				DEBUG_INFORMATION_FORMAT = "dwarf-with-dsym";
				FRAMEWORK_SEARCH_PATHS = (
					"$(inherited)",
					"$(FRAMEWORK_SEARCH_PATHS_QUOTED_FOR_TARGET_1)",
					"$(FRAMEWORK_SEARCH_PATHS_QUOTED_FOR_TARGET_2)",
					"$(FRAMEWORK_SEARCH_PATHS_QUOTED_FOR_TARGET_3)",
					"$(FRAMEWORK_SEARCH_PATHS_QUOTED_FOR_TARGET_4)",
					"$(FRAMEWORK_SEARCH_PATHS_QUOTED_FOR_TARGET_5)",
					"$(FRAMEWORK_SEARCH_PATHS_QUOTED_FOR_TARGET_6)",
				);
				GCC_MODEL_TUNING = G5;
				INSTALL_PATH = /usr/local/bin;
				PRODUCT_NAME = mei_test;
				ZERO_LINK = NO;
			};
			name = Release;
		};
		61DBCCD11312C85E00B46918 /* Debug */ = {
			isa = XCBuildConfiguration;
			buildSettings = {
				ALWAYS_SEARCH_USER_PATHS = NO;
				ARCHS = "$(ARCHS_STANDARD_32_64_BIT)";
				COPY_PHASE_STRIP = NO;
				DYLIB_COMPATIBILITY_VERSION = 1;
				DYLIB_CURRENT_VERSION = 1;
				FRAMEWORK_SEARCH_PATHS = "";
				FRAMEWORK_SEARCH_PATHS_QUOTED_FOR_TARGET_1 = "\"$(SRCROOT)/../ax-libs/osx\"";
				FRAMEWORK_VERSION = A;
				GCC_DYNAMIC_NO_PIC = NO;
				GCC_MODEL_TUNING = G5;
				GCC_OPTIMIZATION_LEVEL = 0;
				GCC_PRECOMPILE_PREFIX_HEADER = YES;
				GCC_PREFIX_HEADER = "";
				GCC_VERSION = com.apple.compilers.llvm.clang.1_0;
				HEADER_SEARCH_PATHS = /usr/include/libxml2/;
				INFOPLIST_FILE = "mei-Info.plist";
				INSTALL_PATH = "";
				LD_DYLIB_INSTALL_NAME = "$(EXECUTABLE_PATH)";
				LIBRARY_SEARCH_PATHS = "";
				LIBRARY_SEARCH_PATHS_QUOTED_FOR_TARGET_1 = "\"$(SRCROOT)/build/Debug/mei.framework/Versions/A\"";
				ONLY_ACTIVE_ARCH = NO;
				OTHER_LDFLAGS = "-lxml2";
				PRODUCT_NAME = mei;
				SKIP_INSTALL = NO;
			};
			name = Debug;
		};
		61DBCCD21312C85E00B46918 /* Release */ = {
			isa = XCBuildConfiguration;
			buildSettings = {
				ALWAYS_SEARCH_USER_PATHS = NO;
				ARCHS = "$(ARCHS_STANDARD_32_64_BIT)";
				COPY_PHASE_STRIP = YES;
				DEBUG_INFORMATION_FORMAT = "dwarf-with-dsym";
				DYLIB_COMPATIBILITY_VERSION = 1;
				DYLIB_CURRENT_VERSION = 1;
				FRAMEWORK_SEARCH_PATHS = "";
				FRAMEWORK_VERSION = A;
				GCC_MODEL_TUNING = G5;
				GCC_PRECOMPILE_PREFIX_HEADER = YES;
				GCC_PREFIX_HEADER = "";
				GCC_VERSION = com.apple.compilers.llvm.clang.1_0;
				INFOPLIST_FILE = "mei-Info.plist";
				INSTALL_PATH = "/Library/Frameworks/$(EXECUTABLE_PATH)";
				LD_DYLIB_INSTALL_NAME = "@executable_path/../Frameworks/$(EXECUTABLE_PATH)";
				LIBRARY_SEARCH_PATHS = "";
				OTHER_LDFLAGS = "-lxml2";
				PRODUCT_NAME = mei;
				ZERO_LINK = NO;
			};
			name = Release;
		};
/* End XCBuildConfiguration section */

/* Begin XCConfigurationList section */
		05CEA57513FC78890009A15E /* Build configuration list for PBXNativeTarget "runmei" */ = {
			isa = XCConfigurationList;
			buildConfigurations = (
				05CEA57613FC78890009A15E /* Debug */,
				05CEA57713FC78890009A15E /* Release */,
			);
			defaultConfigurationIsVisible = 0;
			defaultConfigurationName = Release;
		};
		1DEB916408733D950010E9CD /* Build configuration list for PBXProject "libmei" */ = {
			isa = XCConfigurationList;
			buildConfigurations = (
				1DEB916508733D950010E9CD /* Debug */,
				1DEB916608733D950010E9CD /* Release */,
			);
			defaultConfigurationIsVisible = 0;
			defaultConfigurationName = Release;
		};
		617B434D1304566200EBBE7F /* Build configuration list for PBXNativeTarget "readmei" */ = {
			isa = XCConfigurationList;
			buildConfigurations = (
				617B43461304560400EBBE7F /* Debug */,
				617B43471304560400EBBE7F /* Release */,
			);
			defaultConfigurationIsVisible = 0;
			defaultConfigurationName = Release;
		};
		61DBCC2B1312C05F00B46918 /* Build configuration list for PBXNativeTarget "mei_test" */ = {
			isa = XCConfigurationList;
			buildConfigurations = (
				61DBCC291312C04100B46918 /* Debug */,
				61DBCC2A1312C04100B46918 /* Release */,
			);
			defaultConfigurationIsVisible = 0;
			defaultConfigurationName = Release;
		};
		61DBCCD31312C85E00B46918 /* Build configuration list for PBXNativeTarget "mei" */ = {
			isa = XCConfigurationList;
			buildConfigurations = (
				61DBCCD11312C85E00B46918 /* Debug */,
				61DBCCD21312C85E00B46918 /* Release */,
			);
			defaultConfigurationIsVisible = 0;
			defaultConfigurationName = Release;
		};
/* End XCConfigurationList section */
	};
	rootObject = 0867D690FE84028FC02AAC07 /* Project object */;
}
