// !$*UTF8*$!
{
	archiveVersion = 1;
	classes = {
	};
	objectVersion = 42;
	objects = {

/* Begin PBXBuildFile section */
		0583599E13FB2F1E00919769 /* analysismixins.cpp in Sources */ = {isa = PBXBuildFile; fileRef = 0583595613FB2F1D00919769 /* analysismixins.cpp */; };
		0583599F13FB2F1E00919769 /* analysismixins.h in Headers */ = {isa = PBXBuildFile; fileRef = 0583595713FB2F1D00919769 /* analysismixins.h */; settings = {ATTRIBUTES = (Public, ); }; };
		058359A013FB2F1E00919769 /* cmn.cpp in Sources */ = {isa = PBXBuildFile; fileRef = 0583595813FB2F1D00919769 /* cmn.cpp */; };
		058359A113FB2F1E00919769 /* cmn.h in Headers */ = {isa = PBXBuildFile; fileRef = 0583595913FB2F1D00919769 /* cmn.h */; settings = {ATTRIBUTES = (Public, ); }; };
		058359A213FB2F1E00919769 /* cmnmixins.cpp in Sources */ = {isa = PBXBuildFile; fileRef = 0583595A13FB2F1D00919769 /* cmnmixins.cpp */; };
		058359A313FB2F1E00919769 /* cmnmixins.h in Headers */ = {isa = PBXBuildFile; fileRef = 0583595B13FB2F1D00919769 /* cmnmixins.h */; settings = {ATTRIBUTES = (Public, ); }; };
		058359A413FB2F1E00919769 /* cmnornaments.cpp in Sources */ = {isa = PBXBuildFile; fileRef = 0583595C13FB2F1D00919769 /* cmnornaments.cpp */; };
		058359A513FB2F1E00919769 /* cmnornaments.h in Headers */ = {isa = PBXBuildFile; fileRef = 0583595D13FB2F1D00919769 /* cmnornaments.h */; settings = {ATTRIBUTES = (Public, ); }; };
		058359A613FB2F1E00919769 /* cmnornamentsmixins.cpp in Sources */ = {isa = PBXBuildFile; fileRef = 0583595E13FB2F1D00919769 /* cmnornamentsmixins.cpp */; };
		058359A713FB2F1E00919769 /* cmnornamentsmixins.h in Headers */ = {isa = PBXBuildFile; fileRef = 0583595F13FB2F1D00919769 /* cmnornamentsmixins.h */; settings = {ATTRIBUTES = (Public, ); }; };
		058359A813FB2F1E00919769 /* corpus.cpp in Sources */ = {isa = PBXBuildFile; fileRef = 0583596013FB2F1D00919769 /* corpus.cpp */; };
		058359A913FB2F1E00919769 /* corpus.h in Headers */ = {isa = PBXBuildFile; fileRef = 0583596113FB2F1D00919769 /* corpus.h */; settings = {ATTRIBUTES = (Public, ); }; };
		058359AA13FB2F1E00919769 /* critapp.cpp in Sources */ = {isa = PBXBuildFile; fileRef = 0583596213FB2F1D00919769 /* critapp.cpp */; };
		058359AB13FB2F1E00919769 /* critapp.h in Headers */ = {isa = PBXBuildFile; fileRef = 0583596313FB2F1D00919769 /* critapp.h */; settings = {ATTRIBUTES = (Public, ); }; };
		058359AC13FB2F1E00919769 /* critappmixins.cpp in Sources */ = {isa = PBXBuildFile; fileRef = 0583596413FB2F1D00919769 /* critappmixins.cpp */; };
		058359AD13FB2F1E00919769 /* critappmixins.h in Headers */ = {isa = PBXBuildFile; fileRef = 0583596513FB2F1D00919769 /* critappmixins.h */; settings = {ATTRIBUTES = (Public, ); }; };
		058359AE13FB2F1E00919769 /* edittrans.cpp in Sources */ = {isa = PBXBuildFile; fileRef = 0583596613FB2F1D00919769 /* edittrans.cpp */; };
		058359AF13FB2F1E00919769 /* edittrans.h in Headers */ = {isa = PBXBuildFile; fileRef = 0583596713FB2F1D00919769 /* edittrans.h */; settings = {ATTRIBUTES = (Public, ); }; };
		058359B013FB2F1E00919769 /* edittransmixins.cpp in Sources */ = {isa = PBXBuildFile; fileRef = 0583596813FB2F1D00919769 /* edittransmixins.cpp */; };
		058359B113FB2F1E00919769 /* edittransmixins.h in Headers */ = {isa = PBXBuildFile; fileRef = 0583596913FB2F1D00919769 /* edittransmixins.h */; settings = {ATTRIBUTES = (Public, ); }; };
		058359B213FB2F1E00919769 /* facsimile.cpp in Sources */ = {isa = PBXBuildFile; fileRef = 0583596A13FB2F1D00919769 /* facsimile.cpp */; };
		058359B313FB2F1E00919769 /* facsimile.h in Headers */ = {isa = PBXBuildFile; fileRef = 0583596B13FB2F1D00919769 /* facsimile.h */; settings = {ATTRIBUTES = (Public, ); }; };
		058359B413FB2F1E00919769 /* facsimilemixins.cpp in Sources */ = {isa = PBXBuildFile; fileRef = 0583596C13FB2F1D00919769 /* facsimilemixins.cpp */; };
		058359B513FB2F1E00919769 /* facsimilemixins.h in Headers */ = {isa = PBXBuildFile; fileRef = 0583596D13FB2F1D00919769 /* facsimilemixins.h */; settings = {ATTRIBUTES = (Public, ); }; };
		058359B613FB2F1E00919769 /* figtable.cpp in Sources */ = {isa = PBXBuildFile; fileRef = 0583596E13FB2F1D00919769 /* figtable.cpp */; };
		058359B713FB2F1E00919769 /* figtable.h in Headers */ = {isa = PBXBuildFile; fileRef = 0583596F13FB2F1D00919769 /* figtable.h */; settings = {ATTRIBUTES = (Public, ); }; };
		058359B813FB2F1E00919769 /* figtablemixins.cpp in Sources */ = {isa = PBXBuildFile; fileRef = 0583597013FB2F1D00919769 /* figtablemixins.cpp */; };
		058359B913FB2F1E00919769 /* figtablemixins.h in Headers */ = {isa = PBXBuildFile; fileRef = 0583597113FB2F1D00919769 /* figtablemixins.h */; settings = {ATTRIBUTES = (Public, ); }; };
		058359BA13FB2F1E00919769 /* harmony.cpp in Sources */ = {isa = PBXBuildFile; fileRef = 0583597213FB2F1D00919769 /* harmony.cpp */; };
		058359BB13FB2F1E00919769 /* harmony.h in Headers */ = {isa = PBXBuildFile; fileRef = 0583597313FB2F1D00919769 /* harmony.h */; settings = {ATTRIBUTES = (Public, ); }; };
		058359BC13FB2F1E00919769 /* harmonymixins.cpp in Sources */ = {isa = PBXBuildFile; fileRef = 0583597413FB2F1D00919769 /* harmonymixins.cpp */; };
		058359BD13FB2F1E00919769 /* harmonymixins.h in Headers */ = {isa = PBXBuildFile; fileRef = 0583597513FB2F1D00919769 /* harmonymixins.h */; settings = {ATTRIBUTES = (Public, ); }; };
		058359BE13FB2F1E00919769 /* header.cpp in Sources */ = {isa = PBXBuildFile; fileRef = 0583597613FB2F1D00919769 /* header.cpp */; };
		058359BF13FB2F1E00919769 /* header.h in Headers */ = {isa = PBXBuildFile; fileRef = 0583597713FB2F1D00919769 /* header.h */; settings = {ATTRIBUTES = (Public, ); }; };
		058359C013FB2F1E00919769 /* headermixins.cpp in Sources */ = {isa = PBXBuildFile; fileRef = 0583597813FB2F1D00919769 /* headermixins.cpp */; };
		058359C113FB2F1E00919769 /* headermixins.h in Headers */ = {isa = PBXBuildFile; fileRef = 0583597913FB2F1D00919769 /* headermixins.h */; settings = {ATTRIBUTES = (Public, ); }; };
		058359C213FB2F1E00919769 /* linkalign.cpp in Sources */ = {isa = PBXBuildFile; fileRef = 0583597A13FB2F1D00919769 /* linkalign.cpp */; };
		058359C313FB2F1E00919769 /* linkalign.h in Headers */ = {isa = PBXBuildFile; fileRef = 0583597B13FB2F1D00919769 /* linkalign.h */; settings = {ATTRIBUTES = (Public, ); }; };
		058359C413FB2F1E00919769 /* linkalignmixins.cpp in Sources */ = {isa = PBXBuildFile; fileRef = 0583597C13FB2F1D00919769 /* linkalignmixins.cpp */; };
		058359C513FB2F1E00919769 /* linkalignmixins.h in Headers */ = {isa = PBXBuildFile; fileRef = 0583597D13FB2F1D00919769 /* linkalignmixins.h */; settings = {ATTRIBUTES = (Public, ); }; };
		058359C613FB2F1E00919769 /* lyrics.cpp in Sources */ = {isa = PBXBuildFile; fileRef = 0583597E13FB2F1D00919769 /* lyrics.cpp */; };
		058359C713FB2F1E00919769 /* lyrics.h in Headers */ = {isa = PBXBuildFile; fileRef = 0583597F13FB2F1D00919769 /* lyrics.h */; settings = {ATTRIBUTES = (Public, ); }; };
		058359C813FB2F1E00919769 /* lyricsmixins.cpp in Sources */ = {isa = PBXBuildFile; fileRef = 0583598013FB2F1D00919769 /* lyricsmixins.cpp */; };
		058359C913FB2F1E00919769 /* lyricsmixins.h in Headers */ = {isa = PBXBuildFile; fileRef = 0583598113FB2F1D00919769 /* lyricsmixins.h */; settings = {ATTRIBUTES = (Public, ); }; };
		058359CA13FB2F1E00919769 /* mensural.cpp in Sources */ = {isa = PBXBuildFile; fileRef = 0583598213FB2F1D00919769 /* mensural.cpp */; };
		058359CB13FB2F1E00919769 /* mensural.h in Headers */ = {isa = PBXBuildFile; fileRef = 0583598313FB2F1D00919769 /* mensural.h */; settings = {ATTRIBUTES = (Public, ); }; };
		058359CC13FB2F1E00919769 /* mensuralmixins.cpp in Sources */ = {isa = PBXBuildFile; fileRef = 0583598413FB2F1D00919769 /* mensuralmixins.cpp */; };
		058359CD13FB2F1E00919769 /* mensuralmixins.h in Headers */ = {isa = PBXBuildFile; fileRef = 0583598513FB2F1D00919769 /* mensuralmixins.h */; settings = {ATTRIBUTES = (Public, ); }; };
		058359CE13FB2F1E00919769 /* midi.cpp in Sources */ = {isa = PBXBuildFile; fileRef = 0583598613FB2F1D00919769 /* midi.cpp */; };
		058359CF13FB2F1E00919769 /* midi.h in Headers */ = {isa = PBXBuildFile; fileRef = 0583598713FB2F1D00919769 /* midi.h */; settings = {ATTRIBUTES = (Public, ); }; };
		058359D013FB2F1E00919769 /* midimixins.cpp in Sources */ = {isa = PBXBuildFile; fileRef = 0583598813FB2F1D00919769 /* midimixins.cpp */; };
		058359D113FB2F1E00919769 /* midimixins.h in Headers */ = {isa = PBXBuildFile; fileRef = 0583598913FB2F1D00919769 /* midimixins.h */; settings = {ATTRIBUTES = (Public, ); }; };
		058359D213FB2F1E00919769 /* namesdates.cpp in Sources */ = {isa = PBXBuildFile; fileRef = 0583598A13FB2F1D00919769 /* namesdates.cpp */; };
		058359D313FB2F1E00919769 /* namesdates.h in Headers */ = {isa = PBXBuildFile; fileRef = 0583598B13FB2F1D00919769 /* namesdates.h */; settings = {ATTRIBUTES = (Public, ); }; };
		058359D413FB2F1E00919769 /* neumes.cpp in Sources */ = {isa = PBXBuildFile; fileRef = 0583598C13FB2F1D00919769 /* neumes.cpp */; };
		058359D513FB2F1E00919769 /* neumes.h in Headers */ = {isa = PBXBuildFile; fileRef = 0583598D13FB2F1D00919769 /* neumes.h */; settings = {ATTRIBUTES = (Public, ); }; };
		058359D613FB2F1E00919769 /* neumesmixins.cpp in Sources */ = {isa = PBXBuildFile; fileRef = 0583598E13FB2F1D00919769 /* neumesmixins.cpp */; };
		058359D713FB2F1E00919769 /* neumesmixins.h in Headers */ = {isa = PBXBuildFile; fileRef = 0583598F13FB2F1D00919769 /* neumesmixins.h */; settings = {ATTRIBUTES = (Public, ); }; };
		058359D813FB2F1E00919769 /* performance.cpp in Sources */ = {isa = PBXBuildFile; fileRef = 0583599013FB2F1D00919769 /* performance.cpp */; };
		058359D913FB2F1E00919769 /* performance.h in Headers */ = {isa = PBXBuildFile; fileRef = 0583599113FB2F1D00919769 /* performance.h */; settings = {ATTRIBUTES = (Public, ); }; };
		058359DA13FB2F1E00919769 /* ptrref.cpp in Sources */ = {isa = PBXBuildFile; fileRef = 0583599213FB2F1D00919769 /* ptrref.cpp */; };
		058359DB13FB2F1E00919769 /* ptrref.h in Headers */ = {isa = PBXBuildFile; fileRef = 0583599313FB2F1D00919769 /* ptrref.h */; settings = {ATTRIBUTES = (Public, ); }; };
		058359DC13FB2F1E00919769 /* shared.cpp in Sources */ = {isa = PBXBuildFile; fileRef = 0583599413FB2F1D00919769 /* shared.cpp */; };
		058359DD13FB2F1E00919769 /* shared.h in Headers */ = {isa = PBXBuildFile; fileRef = 0583599513FB2F1D00919769 /* shared.h */; settings = {ATTRIBUTES = (Public, ); }; };
		058359DE13FB2F1E00919769 /* sharedmixins.cpp in Sources */ = {isa = PBXBuildFile; fileRef = 0583599613FB2F1D00919769 /* sharedmixins.cpp */; };
		058359DF13FB2F1E00919769 /* sharedmixins.h in Headers */ = {isa = PBXBuildFile; fileRef = 0583599713FB2F1D00919769 /* sharedmixins.h */; settings = {ATTRIBUTES = (Public, ); }; };
		058359E013FB2F1E00919769 /* tablaturemixins.cpp in Sources */ = {isa = PBXBuildFile; fileRef = 0583599813FB2F1D00919769 /* tablaturemixins.cpp */; };
		058359E113FB2F1E00919769 /* tablaturemixins.h in Headers */ = {isa = PBXBuildFile; fileRef = 0583599913FB2F1D00919769 /* tablaturemixins.h */; settings = {ATTRIBUTES = (Public, ); }; };
		058359E213FB2F1E00919769 /* text.cpp in Sources */ = {isa = PBXBuildFile; fileRef = 0583599A13FB2F1D00919769 /* text.cpp */; };
		058359E313FB2F1E00919769 /* text.h in Headers */ = {isa = PBXBuildFile; fileRef = 0583599B13FB2F1D00919769 /* text.h */; settings = {ATTRIBUTES = (Public, ); }; };
		058359E413FB2F1E00919769 /* usersymbols.cpp in Sources */ = {isa = PBXBuildFile; fileRef = 0583599C13FB2F1E00919769 /* usersymbols.cpp */; };
		058359E513FB2F1E00919769 /* usersymbols.h in Headers */ = {isa = PBXBuildFile; fileRef = 0583599D13FB2F1E00919769 /* usersymbols.h */; settings = {ATTRIBUTES = (Public, ); }; };
		058359E813FB2F8700919769 /* test_meielement.cpp in Sources */ = {isa = PBXBuildFile; fileRef = 058359E613FB2F8700919769 /* test_meielement.cpp */; };
		058359E913FB2F8700919769 /* test_shared.cpp in Sources */ = {isa = PBXBuildFile; fileRef = 058359E713FB2F8700919769 /* test_shared.cpp */; };
		617B434A1304563100EBBE7F /* readmei.cpp in Sources */ = {isa = PBXBuildFile; fileRef = 617B43351304540E00EBBE7F /* readmei.cpp */; };
		61DBCCD71312C86F00B46918 /* mei.h in Headers */ = {isa = PBXBuildFile; fileRef = 617B4322130450C900EBBE7F /* mei.h */; settings = {ATTRIBUTES = (Public, ); }; };
		61DBCCE81312C99500B46918 /* mei.framework in Frameworks */ = {isa = PBXBuildFile; fileRef = 61DBCCCF1312C85D00B46918 /* mei.framework */; };
		61DBCCFC1312D00100B46918 /* mei.framework in Frameworks */ = {isa = PBXBuildFile; fileRef = 61DBCCCF1312C85D00B46918 /* mei.framework */; };
		61DBCD411312DDF500B46918 /* gtest_main.cc in Sources */ = {isa = PBXBuildFile; fileRef = 61DBCD401312DDF500B46918 /* gtest_main.cc */; };
		7D5F326513C90C970037636E /* gtest.framework in Frameworks */ = {isa = PBXBuildFile; fileRef = 7D5F326413C90C970037636E /* gtest.framework */; };
		9B2EE933133117D700C94712 /* exceptions.h in Headers */ = {isa = PBXBuildFile; fileRef = 9B2EE931133117D700C94712 /* exceptions.h */; settings = {ATTRIBUTES = (Public, ); }; };
		9B3CB63E13214C430054C2DC /* meiattribute.h in Headers */ = {isa = PBXBuildFile; fileRef = 9B3CB63A13214C430054C2DC /* meiattribute.h */; settings = {ATTRIBUTES = (Public, ); }; };
		9B3CB63F13214C430054C2DC /* meiattribute.cpp in Sources */ = {isa = PBXBuildFile; fileRef = 9B3CB63B13214C430054C2DC /* meiattribute.cpp */; };
		9BDC643C132A905F0062255E /* meidocument.h in Headers */ = {isa = PBXBuildFile; fileRef = 9BDC6437132A90430062255E /* meidocument.h */; settings = {ATTRIBUTES = (Public, ); }; };
		9BDC643D132A905F0062255E /* meidocument.cpp in Sources */ = {isa = PBXBuildFile; fileRef = 9BDC6438132A90430062255E /* meidocument.cpp */; };
		9BE4E760131D677900A59F5D /* meielement.cpp in Sources */ = {isa = PBXBuildFile; fileRef = 9BE4E743131D570100A59F5D /* meielement.cpp */; };
		9BE4E761131D678000A59F5D /* meielement.h in Headers */ = {isa = PBXBuildFile; fileRef = 9BE4E742131D570100A59F5D /* meielement.h */; settings = {ATTRIBUTES = (Public, ); }; };
/* End PBXBuildFile section */

/* Begin PBXFileReference section */
		0583585713F96F7900919769 /* types.cpp */ = {isa = PBXFileReference; fileEncoding = 4; lastKnownFileType = sourcecode.cpp.cpp; name = types.cpp; path = src/types.cpp; sourceTree = "<group>"; };
		0583585813F96F7900919769 /* types.h */ = {isa = PBXFileReference; fileEncoding = 4; lastKnownFileType = sourcecode.c.h; name = types.h; path = src/types.h; sourceTree = "<group>"; };
		0583595613FB2F1D00919769 /* analysismixins.cpp */ = {isa = PBXFileReference; fileEncoding = 4; lastKnownFileType = sourcecode.cpp.cpp; name = analysismixins.cpp; path = src/analysismixins.cpp; sourceTree = "<group>"; };
		0583595713FB2F1D00919769 /* analysismixins.h */ = {isa = PBXFileReference; fileEncoding = 4; lastKnownFileType = sourcecode.c.h; name = analysismixins.h; path = src/analysismixins.h; sourceTree = "<group>"; };
		0583595813FB2F1D00919769 /* cmn.cpp */ = {isa = PBXFileReference; fileEncoding = 4; lastKnownFileType = sourcecode.cpp.cpp; name = cmn.cpp; path = src/cmn.cpp; sourceTree = "<group>"; };
		0583595913FB2F1D00919769 /* cmn.h */ = {isa = PBXFileReference; fileEncoding = 4; lastKnownFileType = sourcecode.c.h; name = cmn.h; path = src/cmn.h; sourceTree = "<group>"; };
		0583595A13FB2F1D00919769 /* cmnmixins.cpp */ = {isa = PBXFileReference; fileEncoding = 4; lastKnownFileType = sourcecode.cpp.cpp; name = cmnmixins.cpp; path = src/cmnmixins.cpp; sourceTree = "<group>"; };
		0583595B13FB2F1D00919769 /* cmnmixins.h */ = {isa = PBXFileReference; fileEncoding = 4; lastKnownFileType = sourcecode.c.h; name = cmnmixins.h; path = src/cmnmixins.h; sourceTree = "<group>"; };
		0583595C13FB2F1D00919769 /* cmnornaments.cpp */ = {isa = PBXFileReference; fileEncoding = 4; lastKnownFileType = sourcecode.cpp.cpp; name = cmnornaments.cpp; path = src/cmnornaments.cpp; sourceTree = "<group>"; };
		0583595D13FB2F1D00919769 /* cmnornaments.h */ = {isa = PBXFileReference; fileEncoding = 4; lastKnownFileType = sourcecode.c.h; name = cmnornaments.h; path = src/cmnornaments.h; sourceTree = "<group>"; };
		0583595E13FB2F1D00919769 /* cmnornamentsmixins.cpp */ = {isa = PBXFileReference; fileEncoding = 4; lastKnownFileType = sourcecode.cpp.cpp; name = cmnornamentsmixins.cpp; path = src/cmnornamentsmixins.cpp; sourceTree = "<group>"; };
		0583595F13FB2F1D00919769 /* cmnornamentsmixins.h */ = {isa = PBXFileReference; fileEncoding = 4; lastKnownFileType = sourcecode.c.h; name = cmnornamentsmixins.h; path = src/cmnornamentsmixins.h; sourceTree = "<group>"; };
		0583596013FB2F1D00919769 /* corpus.cpp */ = {isa = PBXFileReference; fileEncoding = 4; lastKnownFileType = sourcecode.cpp.cpp; name = corpus.cpp; path = src/corpus.cpp; sourceTree = "<group>"; };
		0583596113FB2F1D00919769 /* corpus.h */ = {isa = PBXFileReference; fileEncoding = 4; lastKnownFileType = sourcecode.c.h; name = corpus.h; path = src/corpus.h; sourceTree = "<group>"; };
		0583596213FB2F1D00919769 /* critapp.cpp */ = {isa = PBXFileReference; fileEncoding = 4; lastKnownFileType = sourcecode.cpp.cpp; name = critapp.cpp; path = src/critapp.cpp; sourceTree = "<group>"; };
		0583596313FB2F1D00919769 /* critapp.h */ = {isa = PBXFileReference; fileEncoding = 4; lastKnownFileType = sourcecode.c.h; name = critapp.h; path = src/critapp.h; sourceTree = "<group>"; };
		0583596413FB2F1D00919769 /* critappmixins.cpp */ = {isa = PBXFileReference; fileEncoding = 4; lastKnownFileType = sourcecode.cpp.cpp; name = critappmixins.cpp; path = src/critappmixins.cpp; sourceTree = "<group>"; };
		0583596513FB2F1D00919769 /* critappmixins.h */ = {isa = PBXFileReference; fileEncoding = 4; lastKnownFileType = sourcecode.c.h; name = critappmixins.h; path = src/critappmixins.h; sourceTree = "<group>"; };
		0583596613FB2F1D00919769 /* edittrans.cpp */ = {isa = PBXFileReference; fileEncoding = 4; lastKnownFileType = sourcecode.cpp.cpp; name = edittrans.cpp; path = src/edittrans.cpp; sourceTree = "<group>"; };
		0583596713FB2F1D00919769 /* edittrans.h */ = {isa = PBXFileReference; fileEncoding = 4; lastKnownFileType = sourcecode.c.h; name = edittrans.h; path = src/edittrans.h; sourceTree = "<group>"; };
		0583596813FB2F1D00919769 /* edittransmixins.cpp */ = {isa = PBXFileReference; fileEncoding = 4; lastKnownFileType = sourcecode.cpp.cpp; name = edittransmixins.cpp; path = src/edittransmixins.cpp; sourceTree = "<group>"; };
		0583596913FB2F1D00919769 /* edittransmixins.h */ = {isa = PBXFileReference; fileEncoding = 4; lastKnownFileType = sourcecode.c.h; name = edittransmixins.h; path = src/edittransmixins.h; sourceTree = "<group>"; };
		0583596A13FB2F1D00919769 /* facsimile.cpp */ = {isa = PBXFileReference; fileEncoding = 4; lastKnownFileType = sourcecode.cpp.cpp; name = facsimile.cpp; path = src/facsimile.cpp; sourceTree = "<group>"; };
		0583596B13FB2F1D00919769 /* facsimile.h */ = {isa = PBXFileReference; fileEncoding = 4; lastKnownFileType = sourcecode.c.h; name = facsimile.h; path = src/facsimile.h; sourceTree = "<group>"; };
		0583596C13FB2F1D00919769 /* facsimilemixins.cpp */ = {isa = PBXFileReference; fileEncoding = 4; lastKnownFileType = sourcecode.cpp.cpp; name = facsimilemixins.cpp; path = src/facsimilemixins.cpp; sourceTree = "<group>"; };
		0583596D13FB2F1D00919769 /* facsimilemixins.h */ = {isa = PBXFileReference; fileEncoding = 4; lastKnownFileType = sourcecode.c.h; name = facsimilemixins.h; path = src/facsimilemixins.h; sourceTree = "<group>"; };
		0583596E13FB2F1D00919769 /* figtable.cpp */ = {isa = PBXFileReference; fileEncoding = 4; lastKnownFileType = sourcecode.cpp.cpp; name = figtable.cpp; path = src/figtable.cpp; sourceTree = "<group>"; };
		0583596F13FB2F1D00919769 /* figtable.h */ = {isa = PBXFileReference; fileEncoding = 4; lastKnownFileType = sourcecode.c.h; name = figtable.h; path = src/figtable.h; sourceTree = "<group>"; };
		0583597013FB2F1D00919769 /* figtablemixins.cpp */ = {isa = PBXFileReference; fileEncoding = 4; lastKnownFileType = sourcecode.cpp.cpp; name = figtablemixins.cpp; path = src/figtablemixins.cpp; sourceTree = "<group>"; };
		0583597113FB2F1D00919769 /* figtablemixins.h */ = {isa = PBXFileReference; fileEncoding = 4; lastKnownFileType = sourcecode.c.h; name = figtablemixins.h; path = src/figtablemixins.h; sourceTree = "<group>"; };
		0583597213FB2F1D00919769 /* harmony.cpp */ = {isa = PBXFileReference; fileEncoding = 4; lastKnownFileType = sourcecode.cpp.cpp; name = harmony.cpp; path = src/harmony.cpp; sourceTree = "<group>"; };
		0583597313FB2F1D00919769 /* harmony.h */ = {isa = PBXFileReference; fileEncoding = 4; lastKnownFileType = sourcecode.c.h; name = harmony.h; path = src/harmony.h; sourceTree = "<group>"; };
		0583597413FB2F1D00919769 /* harmonymixins.cpp */ = {isa = PBXFileReference; fileEncoding = 4; lastKnownFileType = sourcecode.cpp.cpp; name = harmonymixins.cpp; path = src/harmonymixins.cpp; sourceTree = "<group>"; };
		0583597513FB2F1D00919769 /* harmonymixins.h */ = {isa = PBXFileReference; fileEncoding = 4; lastKnownFileType = sourcecode.c.h; name = harmonymixins.h; path = src/harmonymixins.h; sourceTree = "<group>"; };
		0583597613FB2F1D00919769 /* header.cpp */ = {isa = PBXFileReference; fileEncoding = 4; lastKnownFileType = sourcecode.cpp.cpp; name = header.cpp; path = src/header.cpp; sourceTree = "<group>"; };
		0583597713FB2F1D00919769 /* header.h */ = {isa = PBXFileReference; fileEncoding = 4; lastKnownFileType = sourcecode.c.h; name = header.h; path = src/header.h; sourceTree = "<group>"; };
		0583597813FB2F1D00919769 /* headermixins.cpp */ = {isa = PBXFileReference; fileEncoding = 4; lastKnownFileType = sourcecode.cpp.cpp; name = headermixins.cpp; path = src/headermixins.cpp; sourceTree = "<group>"; };
		0583597913FB2F1D00919769 /* headermixins.h */ = {isa = PBXFileReference; fileEncoding = 4; lastKnownFileType = sourcecode.c.h; name = headermixins.h; path = src/headermixins.h; sourceTree = "<group>"; };
		0583597A13FB2F1D00919769 /* linkalign.cpp */ = {isa = PBXFileReference; fileEncoding = 4; lastKnownFileType = sourcecode.cpp.cpp; name = linkalign.cpp; path = src/linkalign.cpp; sourceTree = "<group>"; };
		0583597B13FB2F1D00919769 /* linkalign.h */ = {isa = PBXFileReference; fileEncoding = 4; lastKnownFileType = sourcecode.c.h; name = linkalign.h; path = src/linkalign.h; sourceTree = "<group>"; };
		0583597C13FB2F1D00919769 /* linkalignmixins.cpp */ = {isa = PBXFileReference; fileEncoding = 4; lastKnownFileType = sourcecode.cpp.cpp; name = linkalignmixins.cpp; path = src/linkalignmixins.cpp; sourceTree = "<group>"; };
		0583597D13FB2F1D00919769 /* linkalignmixins.h */ = {isa = PBXFileReference; fileEncoding = 4; lastKnownFileType = sourcecode.c.h; name = linkalignmixins.h; path = src/linkalignmixins.h; sourceTree = "<group>"; };
		0583597E13FB2F1D00919769 /* lyrics.cpp */ = {isa = PBXFileReference; fileEncoding = 4; lastKnownFileType = sourcecode.cpp.cpp; name = lyrics.cpp; path = src/lyrics.cpp; sourceTree = "<group>"; };
		0583597F13FB2F1D00919769 /* lyrics.h */ = {isa = PBXFileReference; fileEncoding = 4; lastKnownFileType = sourcecode.c.h; name = lyrics.h; path = src/lyrics.h; sourceTree = "<group>"; };
		0583598013FB2F1D00919769 /* lyricsmixins.cpp */ = {isa = PBXFileReference; fileEncoding = 4; lastKnownFileType = sourcecode.cpp.cpp; name = lyricsmixins.cpp; path = src/lyricsmixins.cpp; sourceTree = "<group>"; };
		0583598113FB2F1D00919769 /* lyricsmixins.h */ = {isa = PBXFileReference; fileEncoding = 4; lastKnownFileType = sourcecode.c.h; name = lyricsmixins.h; path = src/lyricsmixins.h; sourceTree = "<group>"; };
		0583598213FB2F1D00919769 /* mensural.cpp */ = {isa = PBXFileReference; fileEncoding = 4; lastKnownFileType = sourcecode.cpp.cpp; name = mensural.cpp; path = src/mensural.cpp; sourceTree = "<group>"; };
		0583598313FB2F1D00919769 /* mensural.h */ = {isa = PBXFileReference; fileEncoding = 4; lastKnownFileType = sourcecode.c.h; name = mensural.h; path = src/mensural.h; sourceTree = "<group>"; };
		0583598413FB2F1D00919769 /* mensuralmixins.cpp */ = {isa = PBXFileReference; fileEncoding = 4; lastKnownFileType = sourcecode.cpp.cpp; name = mensuralmixins.cpp; path = src/mensuralmixins.cpp; sourceTree = "<group>"; };
		0583598513FB2F1D00919769 /* mensuralmixins.h */ = {isa = PBXFileReference; fileEncoding = 4; lastKnownFileType = sourcecode.c.h; name = mensuralmixins.h; path = src/mensuralmixins.h; sourceTree = "<group>"; };
		0583598613FB2F1D00919769 /* midi.cpp */ = {isa = PBXFileReference; fileEncoding = 4; lastKnownFileType = sourcecode.cpp.cpp; name = midi.cpp; path = src/midi.cpp; sourceTree = "<group>"; };
		0583598713FB2F1D00919769 /* midi.h */ = {isa = PBXFileReference; fileEncoding = 4; lastKnownFileType = sourcecode.c.h; name = midi.h; path = src/midi.h; sourceTree = "<group>"; };
		0583598813FB2F1D00919769 /* midimixins.cpp */ = {isa = PBXFileReference; fileEncoding = 4; lastKnownFileType = sourcecode.cpp.cpp; name = midimixins.cpp; path = src/midimixins.cpp; sourceTree = "<group>"; };
		0583598913FB2F1D00919769 /* midimixins.h */ = {isa = PBXFileReference; fileEncoding = 4; lastKnownFileType = sourcecode.c.h; name = midimixins.h; path = src/midimixins.h; sourceTree = "<group>"; };
		0583598A13FB2F1D00919769 /* namesdates.cpp */ = {isa = PBXFileReference; fileEncoding = 4; lastKnownFileType = sourcecode.cpp.cpp; name = namesdates.cpp; path = src/namesdates.cpp; sourceTree = "<group>"; };
		0583598B13FB2F1D00919769 /* namesdates.h */ = {isa = PBXFileReference; fileEncoding = 4; lastKnownFileType = sourcecode.c.h; name = namesdates.h; path = src/namesdates.h; sourceTree = "<group>"; };
		0583598C13FB2F1D00919769 /* neumes.cpp */ = {isa = PBXFileReference; fileEncoding = 4; lastKnownFileType = sourcecode.cpp.cpp; name = neumes.cpp; path = src/neumes.cpp; sourceTree = "<group>"; };
		0583598D13FB2F1D00919769 /* neumes.h */ = {isa = PBXFileReference; fileEncoding = 4; lastKnownFileType = sourcecode.c.h; name = neumes.h; path = src/neumes.h; sourceTree = "<group>"; };
		0583598E13FB2F1D00919769 /* neumesmixins.cpp */ = {isa = PBXFileReference; fileEncoding = 4; lastKnownFileType = sourcecode.cpp.cpp; name = neumesmixins.cpp; path = src/neumesmixins.cpp; sourceTree = "<group>"; };
		0583598F13FB2F1D00919769 /* neumesmixins.h */ = {isa = PBXFileReference; fileEncoding = 4; lastKnownFileType = sourcecode.c.h; name = neumesmixins.h; path = src/neumesmixins.h; sourceTree = "<group>"; };
		0583599013FB2F1D00919769 /* performance.cpp */ = {isa = PBXFileReference; fileEncoding = 4; lastKnownFileType = sourcecode.cpp.cpp; name = performance.cpp; path = src/performance.cpp; sourceTree = "<group>"; };
		0583599113FB2F1D00919769 /* performance.h */ = {isa = PBXFileReference; fileEncoding = 4; lastKnownFileType = sourcecode.c.h; name = performance.h; path = src/performance.h; sourceTree = "<group>"; };
		0583599213FB2F1D00919769 /* ptrref.cpp */ = {isa = PBXFileReference; fileEncoding = 4; lastKnownFileType = sourcecode.cpp.cpp; name = ptrref.cpp; path = src/ptrref.cpp; sourceTree = "<group>"; };
		0583599313FB2F1D00919769 /* ptrref.h */ = {isa = PBXFileReference; fileEncoding = 4; lastKnownFileType = sourcecode.c.h; name = ptrref.h; path = src/ptrref.h; sourceTree = "<group>"; };
		0583599413FB2F1D00919769 /* shared.cpp */ = {isa = PBXFileReference; fileEncoding = 4; lastKnownFileType = sourcecode.cpp.cpp; name = shared.cpp; path = src/shared.cpp; sourceTree = "<group>"; };
		0583599513FB2F1D00919769 /* shared.h */ = {isa = PBXFileReference; fileEncoding = 4; lastKnownFileType = sourcecode.c.h; name = shared.h; path = src/shared.h; sourceTree = "<group>"; };
		0583599613FB2F1D00919769 /* sharedmixins.cpp */ = {isa = PBXFileReference; fileEncoding = 4; lastKnownFileType = sourcecode.cpp.cpp; name = sharedmixins.cpp; path = src/sharedmixins.cpp; sourceTree = "<group>"; };
		0583599713FB2F1D00919769 /* sharedmixins.h */ = {isa = PBXFileReference; fileEncoding = 4; lastKnownFileType = sourcecode.c.h; name = sharedmixins.h; path = src/sharedmixins.h; sourceTree = "<group>"; };
		0583599813FB2F1D00919769 /* tablaturemixins.cpp */ = {isa = PBXFileReference; fileEncoding = 4; lastKnownFileType = sourcecode.cpp.cpp; name = tablaturemixins.cpp; path = src/tablaturemixins.cpp; sourceTree = "<group>"; };
		0583599913FB2F1D00919769 /* tablaturemixins.h */ = {isa = PBXFileReference; fileEncoding = 4; lastKnownFileType = sourcecode.c.h; name = tablaturemixins.h; path = src/tablaturemixins.h; sourceTree = "<group>"; };
		0583599A13FB2F1D00919769 /* text.cpp */ = {isa = PBXFileReference; fileEncoding = 4; lastKnownFileType = sourcecode.cpp.cpp; name = text.cpp; path = src/text.cpp; sourceTree = "<group>"; };
		0583599B13FB2F1D00919769 /* text.h */ = {isa = PBXFileReference; fileEncoding = 4; lastKnownFileType = sourcecode.c.h; name = text.h; path = src/text.h; sourceTree = "<group>"; };
		0583599C13FB2F1E00919769 /* usersymbols.cpp */ = {isa = PBXFileReference; fileEncoding = 4; lastKnownFileType = sourcecode.cpp.cpp; name = usersymbols.cpp; path = src/usersymbols.cpp; sourceTree = "<group>"; };
		0583599D13FB2F1E00919769 /* usersymbols.h */ = {isa = PBXFileReference; fileEncoding = 4; lastKnownFileType = sourcecode.c.h; name = usersymbols.h; path = src/usersymbols.h; sourceTree = "<group>"; };
		058359E613FB2F8700919769 /* test_meielement.cpp */ = {isa = PBXFileReference; fileEncoding = 4; lastKnownFileType = sourcecode.cpp.cpp; name = test_meielement.cpp; path = test/test_meielement.cpp; sourceTree = "<group>"; };
		058359E713FB2F8700919769 /* test_shared.cpp */ = {isa = PBXFileReference; fileEncoding = 4; lastKnownFileType = sourcecode.cpp.cpp; name = test_shared.cpp; path = test/test_shared.cpp; sourceTree = "<group>"; };
		5073E0C609E734A800EC74B6 /* libmeiProj.xcconfig */ = {isa = PBXFileReference; fileEncoding = 30; lastKnownFileType = text.xcconfig; path = libmeiProj.xcconfig; sourceTree = "<group>"; };
		5073E0C709E734A800EC74B6 /* libmeiTarget.xcconfig */ = {isa = PBXFileReference; fileEncoding = 30; lastKnownFileType = text.xcconfig; path = libmeiTarget.xcconfig; sourceTree = "<group>"; };
		617B4322130450C900EBBE7F /* mei.h */ = {isa = PBXFileReference; fileEncoding = 4; lastKnownFileType = sourcecode.c.h; name = mei.h; path = src/mei.h; sourceTree = "<group>"; };
		617B43351304540E00EBBE7F /* readmei.cpp */ = {isa = PBXFileReference; fileEncoding = 4; lastKnownFileType = sourcecode.cpp.cpp; name = readmei.cpp; path = util/readmei.cpp; sourceTree = "<group>"; };
		617B43441304560400EBBE7F /* readmei */ = {isa = PBXFileReference; explicitFileType = "compiled.mach-o.executable"; includeInIndex = 0; path = readmei; sourceTree = BUILT_PRODUCTS_DIR; };
		61DBCC271312C04000B46918 /* mei_test */ = {isa = PBXFileReference; explicitFileType = "compiled.mach-o.executable"; includeInIndex = 0; path = mei_test; sourceTree = BUILT_PRODUCTS_DIR; };
		61DBCCCF1312C85D00B46918 /* mei.framework */ = {isa = PBXFileReference; explicitFileType = wrapper.framework; includeInIndex = 0; path = mei.framework; sourceTree = BUILT_PRODUCTS_DIR; };
		61DBCCD01312C85E00B46918 /* mei-Info.plist */ = {isa = PBXFileReference; lastKnownFileType = text.plist.xml; path = "mei-Info.plist"; sourceTree = "<group>"; };
		61DBCD401312DDF500B46918 /* gtest_main.cc */ = {isa = PBXFileReference; fileEncoding = 4; lastKnownFileType = sourcecode.cpp.cpp; name = gtest_main.cc; path = test/gtest_main.cc; sourceTree = "<group>"; };
		7D1F9E7913CCD5C900E95E7F /* iomeixml.h */ = {isa = PBXFileReference; fileEncoding = 4; lastKnownFileType = sourcecode.c.h; name = iomeixml.h; path = src/iomeixml.h; sourceTree = "<group>"; };
		7D1F9E7A13CCD5C900E95E7F /* iomeixml.cpp */ = {isa = PBXFileReference; fileEncoding = 4; lastKnownFileType = sourcecode.cpp.cpp; name = iomeixml.cpp; path = src/iomeixml.cpp; sourceTree = "<group>"; };
		7D5F31D313C8CA940037636E /* types.h */ = {isa = PBXFileReference; fileEncoding = 4; lastKnownFileType = sourcecode.c.h; name = types.h; path = src/types.h; sourceTree = "<group>"; };
		7D5F31D413C8CA940037636E /* types.cpp */ = {isa = PBXFileReference; fileEncoding = 4; lastKnownFileType = sourcecode.cpp.cpp; name = types.cpp; path = src/types.cpp; sourceTree = "<group>"; };
		7D5F326413C90C970037636E /* gtest.framework */ = {isa = PBXFileReference; lastKnownFileType = wrapper.framework; name = gtest.framework; path = ../../../Library/Frameworks/gtest.framework; sourceTree = SOURCE_ROOT; };
		9B2EE931133117D700C94712 /* exceptions.h */ = {isa = PBXFileReference; fileEncoding = 4; lastKnownFileType = sourcecode.c.h; name = exceptions.h; path = src/exceptions.h; sourceTree = "<group>"; };
		9B3CB63A13214C430054C2DC /* meiattribute.h */ = {isa = PBXFileReference; fileEncoding = 4; lastKnownFileType = sourcecode.c.h; name = meiattribute.h; path = src/meiattribute.h; sourceTree = "<group>"; };
		9B3CB63B13214C430054C2DC /* meiattribute.cpp */ = {isa = PBXFileReference; fileEncoding = 4; lastKnownFileType = sourcecode.cpp.cpp; name = meiattribute.cpp; path = src/meiattribute.cpp; sourceTree = "<group>"; };
		9BDC6437132A90430062255E /* meidocument.h */ = {isa = PBXFileReference; fileEncoding = 4; lastKnownFileType = sourcecode.c.h; name = meidocument.h; path = src/meidocument.h; sourceTree = "<group>"; };
		9BDC6438132A90430062255E /* meidocument.cpp */ = {isa = PBXFileReference; fileEncoding = 4; lastKnownFileType = sourcecode.cpp.cpp; name = meidocument.cpp; path = src/meidocument.cpp; sourceTree = "<group>"; };
		9BE4E742131D570100A59F5D /* meielement.h */ = {isa = PBXFileReference; fileEncoding = 4; lastKnownFileType = sourcecode.c.h; name = meielement.h; path = src/meielement.h; sourceTree = "<group>"; };
		9BE4E743131D570100A59F5D /* meielement.cpp */ = {isa = PBXFileReference; fileEncoding = 4; lastKnownFileType = sourcecode.cpp.cpp; name = meielement.cpp; path = src/meielement.cpp; sourceTree = "<group>"; };
/* End PBXFileReference section */

/* Begin PBXFrameworksBuildPhase section */
		617B43421304560400EBBE7F /* Frameworks */ = {
			isa = PBXFrameworksBuildPhase;
			buildActionMask = 2147483647;
			files = (
				61DBCCFC1312D00100B46918 /* mei.framework in Frameworks */,
			);
			runOnlyForDeploymentPostprocessing = 0;
		};
		61DBCC251312C04000B46918 /* Frameworks */ = {
			isa = PBXFrameworksBuildPhase;
			buildActionMask = 2147483647;
			files = (
				61DBCCE81312C99500B46918 /* mei.framework in Frameworks */,
				7D5F326513C90C970037636E /* gtest.framework in Frameworks */,
			);
			runOnlyForDeploymentPostprocessing = 0;
		};
		61DBCCCD1312C85D00B46918 /* Frameworks */ = {
			isa = PBXFrameworksBuildPhase;
			buildActionMask = 2147483647;
			files = (
			);
			runOnlyForDeploymentPostprocessing = 0;
		};
/* End PBXFrameworksBuildPhase section */

/* Begin PBXGroup section */
		034768DDFF38A45A11DB9C8B /* Products */ = {
			isa = PBXGroup;
			children = (
				617B43441304560400EBBE7F /* readmei */,
				61DBCC271312C04000B46918 /* mei_test */,
				61DBCCCF1312C85D00B46918 /* mei.framework */,
			);
			name = Products;
			sourceTree = "<group>";
		};
		0867D691FE84028FC02AAC07 /* libmei */ = {
			isa = PBXGroup;
			children = (
				617B4333130453F500EBBE7F /* Util */,
				617B42F113044EE600EBBE7F /* Test */,
				5073E0CA09E734BC00EC74B6 /* Configuration Files */,
				08FB77ACFE841707C02AAC07 /* Source */,
				0867D69AFE84028FC02AAC07 /* External Frameworks and Libraries */,
				034768DDFF38A45A11DB9C8B /* Products */,
				61DBCCD01312C85E00B46918 /* mei-Info.plist */,
			);
			name = libmei;
			sourceTree = "<group>";
		};
		0867D69AFE84028FC02AAC07 /* External Frameworks and Libraries */ = {
			isa = PBXGroup;
			children = (
				7D5F326413C90C970037636E /* gtest.framework */,
			);
			name = "External Frameworks and Libraries";
			sourceTree = "<group>";
		};
		08FB77ACFE841707C02AAC07 /* Source */ = {
			isa = PBXGroup;
			children = (
				9B11C8A5132E6C4E0090FDA6 /* Modules */,
				617B4322130450C900EBBE7F /* mei.h */,
				9BE4E742131D570100A59F5D /* meielement.h */,
				9BE4E743131D570100A59F5D /* meielement.cpp */,
				9B3CB63A13214C430054C2DC /* meiattribute.h */,
				9B3CB63B13214C430054C2DC /* meiattribute.cpp */,
				9BDC6437132A90430062255E /* meidocument.h */,
				9BDC6438132A90430062255E /* meidocument.cpp */,
				9B2EE931133117D700C94712 /* exceptions.h */,
				7D5F31D313C8CA940037636E /* types.h */,
				7D5F31D413C8CA940037636E /* types.cpp */,
				7D1F9E7913CCD5C900E95E7F /* iomeixml.h */,
				7D1F9E7A13CCD5C900E95E7F /* iomeixml.cpp */,
			);
			name = Source;
			sourceTree = "<group>";
		};
		5073E0CA09E734BC00EC74B6 /* Configuration Files */ = {
			isa = PBXGroup;
			children = (
				5073E0C609E734A800EC74B6 /* libmeiProj.xcconfig */,
				5073E0C709E734A800EC74B6 /* libmeiTarget.xcconfig */,
			);
			name = "Configuration Files";
			sourceTree = "<group>";
		};
		617B42F113044EE600EBBE7F /* Test */ = {
			isa = PBXGroup;
			children = (
				058359E613FB2F8700919769 /* test_meielement.cpp */,
				058359E713FB2F8700919769 /* test_shared.cpp */,
				61DBCD401312DDF500B46918 /* gtest_main.cc */,
			);
			name = Test;
			sourceTree = "<group>";
		};
		617B4333130453F500EBBE7F /* Util */ = {
			isa = PBXGroup;
			children = (
				617B43351304540E00EBBE7F /* readmei.cpp */,
			);
			name = Util;
			sourceTree = "<group>";
		};
		9B11C8A5132E6C4E0090FDA6 /* Modules */ = {
			isa = PBXGroup;
			children = (
				0583595613FB2F1D00919769 /* analysismixins.cpp */,
				0583595713FB2F1D00919769 /* analysismixins.h */,
				0583595813FB2F1D00919769 /* cmn.cpp */,
				0583595913FB2F1D00919769 /* cmn.h */,
				0583595A13FB2F1D00919769 /* cmnmixins.cpp */,
				0583595B13FB2F1D00919769 /* cmnmixins.h */,
				0583595C13FB2F1D00919769 /* cmnornaments.cpp */,
				0583595D13FB2F1D00919769 /* cmnornaments.h */,
				0583595E13FB2F1D00919769 /* cmnornamentsmixins.cpp */,
				0583595F13FB2F1D00919769 /* cmnornamentsmixins.h */,
				0583596013FB2F1D00919769 /* corpus.cpp */,
				0583596113FB2F1D00919769 /* corpus.h */,
				0583596213FB2F1D00919769 /* critapp.cpp */,
				0583596313FB2F1D00919769 /* critapp.h */,
				0583596413FB2F1D00919769 /* critappmixins.cpp */,
				0583596513FB2F1D00919769 /* critappmixins.h */,
				0583596613FB2F1D00919769 /* edittrans.cpp */,
				0583596713FB2F1D00919769 /* edittrans.h */,
				0583596813FB2F1D00919769 /* edittransmixins.cpp */,
				0583596913FB2F1D00919769 /* edittransmixins.h */,
				0583596A13FB2F1D00919769 /* facsimile.cpp */,
				0583596B13FB2F1D00919769 /* facsimile.h */,
				0583596C13FB2F1D00919769 /* facsimilemixins.cpp */,
				0583596D13FB2F1D00919769 /* facsimilemixins.h */,
				0583596E13FB2F1D00919769 /* figtable.cpp */,
				0583596F13FB2F1D00919769 /* figtable.h */,
				0583597013FB2F1D00919769 /* figtablemixins.cpp */,
				0583597113FB2F1D00919769 /* figtablemixins.h */,
				0583597213FB2F1D00919769 /* harmony.cpp */,
				0583597313FB2F1D00919769 /* harmony.h */,
				0583597413FB2F1D00919769 /* harmonymixins.cpp */,
				0583597513FB2F1D00919769 /* harmonymixins.h */,
				0583597613FB2F1D00919769 /* header.cpp */,
				0583597713FB2F1D00919769 /* header.h */,
				0583597813FB2F1D00919769 /* headermixins.cpp */,
				0583597913FB2F1D00919769 /* headermixins.h */,
				0583597A13FB2F1D00919769 /* linkalign.cpp */,
				0583597B13FB2F1D00919769 /* linkalign.h */,
				0583597C13FB2F1D00919769 /* linkalignmixins.cpp */,
				0583597D13FB2F1D00919769 /* linkalignmixins.h */,
				0583597E13FB2F1D00919769 /* lyrics.cpp */,
				0583597F13FB2F1D00919769 /* lyrics.h */,
				0583598013FB2F1D00919769 /* lyricsmixins.cpp */,
				0583598113FB2F1D00919769 /* lyricsmixins.h */,
				0583598213FB2F1D00919769 /* mensural.cpp */,
				0583598313FB2F1D00919769 /* mensural.h */,
				0583598413FB2F1D00919769 /* mensuralmixins.cpp */,
				0583598513FB2F1D00919769 /* mensuralmixins.h */,
				0583598613FB2F1D00919769 /* midi.cpp */,
				0583598713FB2F1D00919769 /* midi.h */,
				0583598813FB2F1D00919769 /* midimixins.cpp */,
				0583598913FB2F1D00919769 /* midimixins.h */,
				0583598A13FB2F1D00919769 /* namesdates.cpp */,
				0583598B13FB2F1D00919769 /* namesdates.h */,
				0583598C13FB2F1D00919769 /* neumes.cpp */,
				0583598D13FB2F1D00919769 /* neumes.h */,
				0583598E13FB2F1D00919769 /* neumesmixins.cpp */,
				0583598F13FB2F1D00919769 /* neumesmixins.h */,
				0583599013FB2F1D00919769 /* performance.cpp */,
				0583599113FB2F1D00919769 /* performance.h */,
				0583599213FB2F1D00919769 /* ptrref.cpp */,
				0583599313FB2F1D00919769 /* ptrref.h */,
				0583599413FB2F1D00919769 /* shared.cpp */,
				0583599513FB2F1D00919769 /* shared.h */,
				0583599613FB2F1D00919769 /* sharedmixins.cpp */,
				0583599713FB2F1D00919769 /* sharedmixins.h */,
				0583599813FB2F1D00919769 /* tablaturemixins.cpp */,
				0583599913FB2F1D00919769 /* tablaturemixins.h */,
				0583599A13FB2F1D00919769 /* text.cpp */,
				0583599B13FB2F1D00919769 /* text.h */,
				0583599C13FB2F1E00919769 /* usersymbols.cpp */,
				0583599D13FB2F1E00919769 /* usersymbols.h */,
				0583585713F96F7900919769 /* types.cpp */,
				0583585813F96F7900919769 /* types.h */,
			);
			name = Modules;
			sourceTree = "<group>";
		};
/* End PBXGroup section */

/* Begin PBXHeadersBuildPhase section */
		61DBCCCA1312C85D00B46918 /* Headers */ = {
			isa = PBXHeadersBuildPhase;
			buildActionMask = 2147483647;
			files = (
				9B3CB63E13214C430054C2DC /* meiattribute.h in Headers */,
				61DBCCD71312C86F00B46918 /* mei.h in Headers */,
				9BE4E761131D678000A59F5D /* meielement.h in Headers */,
				9BDC643C132A905F0062255E /* meidocument.h in Headers */,
				0583599F13FB2F1E00919769 /* analysismixins.h in Headers */,
				058359A113FB2F1E00919769 /* cmn.h in Headers */,
				058359A313FB2F1E00919769 /* cmnmixins.h in Headers */,
				058359A513FB2F1E00919769 /* cmnornaments.h in Headers */,
				058359A713FB2F1E00919769 /* cmnornamentsmixins.h in Headers */,
				058359A913FB2F1E00919769 /* corpus.h in Headers */,
				058359AB13FB2F1E00919769 /* critapp.h in Headers */,
				058359AD13FB2F1E00919769 /* critappmixins.h in Headers */,
				058359AF13FB2F1E00919769 /* edittrans.h in Headers */,
				058359B113FB2F1E00919769 /* edittransmixins.h in Headers */,
				058359B313FB2F1E00919769 /* facsimile.h in Headers */,
				058359B513FB2F1E00919769 /* facsimilemixins.h in Headers */,
				058359B713FB2F1E00919769 /* figtable.h in Headers */,
				058359B913FB2F1E00919769 /* figtablemixins.h in Headers */,
				058359BB13FB2F1E00919769 /* harmony.h in Headers */,
				058359BD13FB2F1E00919769 /* harmonymixins.h in Headers */,
				058359BF13FB2F1E00919769 /* header.h in Headers */,
				058359C113FB2F1E00919769 /* headermixins.h in Headers */,
				058359C313FB2F1E00919769 /* linkalign.h in Headers */,
				058359C513FB2F1E00919769 /* linkalignmixins.h in Headers */,
				058359C713FB2F1E00919769 /* lyrics.h in Headers */,
				058359C913FB2F1E00919769 /* lyricsmixins.h in Headers */,
				058359CB13FB2F1E00919769 /* mensural.h in Headers */,
				058359CD13FB2F1E00919769 /* mensuralmixins.h in Headers */,
				058359CF13FB2F1E00919769 /* midi.h in Headers */,
				058359D113FB2F1E00919769 /* midimixins.h in Headers */,
				058359D313FB2F1E00919769 /* namesdates.h in Headers */,
				058359D513FB2F1E00919769 /* neumes.h in Headers */,
				058359D713FB2F1E00919769 /* neumesmixins.h in Headers */,
				058359D913FB2F1E00919769 /* performance.h in Headers */,
				058359DB13FB2F1E00919769 /* ptrref.h in Headers */,
				058359DD13FB2F1E00919769 /* shared.h in Headers */,
				058359DF13FB2F1E00919769 /* sharedmixins.h in Headers */,
				058359E113FB2F1E00919769 /* tablaturemixins.h in Headers */,
				058359E313FB2F1E00919769 /* text.h in Headers */,
				058359E513FB2F1E00919769 /* usersymbols.h in Headers */,
				9B2EE933133117D700C94712 /* exceptions.h in Headers */,
			);
			runOnlyForDeploymentPostprocessing = 0;
		};
/* End PBXHeadersBuildPhase section */

/* Begin PBXNativeTarget section */
		617B43431304560400EBBE7F /* readmei */ = {
			isa = PBXNativeTarget;
			buildConfigurationList = 617B434D1304566200EBBE7F /* Build configuration list for PBXNativeTarget "readmei" */;
			buildPhases = (
				617B43411304560400EBBE7F /* Sources */,
				617B43421304560400EBBE7F /* Frameworks */,
			);
			buildRules = (
			);
			dependencies = (
			);
			name = readmei;
			productName = readmei;
			productReference = 617B43441304560400EBBE7F /* readmei */;
			productType = "com.apple.product-type.tool";
		};
		61DBCC261312C04000B46918 /* mei_test */ = {
			isa = PBXNativeTarget;
			buildConfigurationList = 61DBCC2B1312C05F00B46918 /* Build configuration list for PBXNativeTarget "mei_test" */;
			buildPhases = (
				61DBCC241312C04000B46918 /* Sources */,
				61DBCC251312C04000B46918 /* Frameworks */,
			);
			buildRules = (
			);
			dependencies = (
			);
			name = mei_test;
			productName = mei_test;
			productReference = 61DBCC271312C04000B46918 /* mei_test */;
			productType = "com.apple.product-type.tool";
		};
		61DBCCCE1312C85D00B46918 /* mei */ = {
			isa = PBXNativeTarget;
			buildConfigurationList = 61DBCCD31312C85E00B46918 /* Build configuration list for PBXNativeTarget "mei" */;
			buildPhases = (
				61DBCCCA1312C85D00B46918 /* Headers */,
				61DBCCCB1312C85D00B46918 /* Resources */,
				61DBCCCC1312C85D00B46918 /* Sources */,
				61DBCCCD1312C85D00B46918 /* Frameworks */,
			);
			buildRules = (
			);
			dependencies = (
			);
			name = mei;
			productName = mei;
			productReference = 61DBCCCF1312C85D00B46918 /* mei.framework */;
			productType = "com.apple.product-type.framework";
		};
/* End PBXNativeTarget section */

/* Begin PBXProject section */
		0867D690FE84028FC02AAC07 /* Project object */ = {
			isa = PBXProject;
			buildConfigurationList = 1DEB916408733D950010E9CD /* Build configuration list for PBXProject "libmei" */;
			compatibilityVersion = "Xcode 2.4";
			developmentRegion = English;
			hasScannedForEncodings = 1;
			knownRegions = (
				English,
				Japanese,
				French,
				German,
			);
			mainGroup = 0867D691FE84028FC02AAC07 /* libmei */;
			productRefGroup = 034768DDFF38A45A11DB9C8B /* Products */;
			projectDirPath = "";
			projectRoot = "";
			targets = (
				617B43431304560400EBBE7F /* readmei */,
				61DBCC261312C04000B46918 /* mei_test */,
				61DBCCCE1312C85D00B46918 /* mei */,
			);
		};
/* End PBXProject section */

/* Begin PBXResourcesBuildPhase section */
		61DBCCCB1312C85D00B46918 /* Resources */ = {
			isa = PBXResourcesBuildPhase;
			buildActionMask = 2147483647;
			files = (
			);
			runOnlyForDeploymentPostprocessing = 0;
		};
/* End PBXResourcesBuildPhase section */

/* Begin PBXSourcesBuildPhase section */
		617B43411304560400EBBE7F /* Sources */ = {
			isa = PBXSourcesBuildPhase;
			buildActionMask = 2147483647;
			files = (
				617B434A1304563100EBBE7F /* readmei.cpp in Sources */,
			);
			runOnlyForDeploymentPostprocessing = 0;
		};
		61DBCC241312C04000B46918 /* Sources */ = {
			isa = PBXSourcesBuildPhase;
			buildActionMask = 2147483647;
			files = (
				61DBCD411312DDF500B46918 /* gtest_main.cc in Sources */,
				058359E813FB2F8700919769 /* test_meielement.cpp in Sources */,
				058359E913FB2F8700919769 /* test_shared.cpp in Sources */,
			);
			runOnlyForDeploymentPostprocessing = 0;
		};
		61DBCCCC1312C85D00B46918 /* Sources */ = {
			isa = PBXSourcesBuildPhase;
			buildActionMask = 2147483647;
			files = (
				9B3CB63F13214C430054C2DC /* meiattribute.cpp in Sources */,
				9BE4E760131D677900A59F5D /* meielement.cpp in Sources */,
				9BDC643D132A905F0062255E /* meidocument.cpp in Sources */,
				0583599E13FB2F1E00919769 /* analysismixins.cpp in Sources */,
				058359A013FB2F1E00919769 /* cmn.cpp in Sources */,
				058359A213FB2F1E00919769 /* cmnmixins.cpp in Sources */,
				058359A413FB2F1E00919769 /* cmnornaments.cpp in Sources */,
				058359A613FB2F1E00919769 /* cmnornamentsmixins.cpp in Sources */,
				058359A813FB2F1E00919769 /* corpus.cpp in Sources */,
				058359AA13FB2F1E00919769 /* critapp.cpp in Sources */,
				058359AC13FB2F1E00919769 /* critappmixins.cpp in Sources */,
				058359AE13FB2F1E00919769 /* edittrans.cpp in Sources */,
				058359B013FB2F1E00919769 /* edittransmixins.cpp in Sources */,
				058359B213FB2F1E00919769 /* facsimile.cpp in Sources */,
				058359B413FB2F1E00919769 /* facsimilemixins.cpp in Sources */,
				058359B613FB2F1E00919769 /* figtable.cpp in Sources */,
				058359B813FB2F1E00919769 /* figtablemixins.cpp in Sources */,
				058359BA13FB2F1E00919769 /* harmony.cpp in Sources */,
				058359BC13FB2F1E00919769 /* harmonymixins.cpp in Sources */,
				058359BE13FB2F1E00919769 /* header.cpp in Sources */,
				058359C013FB2F1E00919769 /* headermixins.cpp in Sources */,
				058359C213FB2F1E00919769 /* linkalign.cpp in Sources */,
				058359C413FB2F1E00919769 /* linkalignmixins.cpp in Sources */,
				058359C613FB2F1E00919769 /* lyrics.cpp in Sources */,
				058359C813FB2F1E00919769 /* lyricsmixins.cpp in Sources */,
				058359CA13FB2F1E00919769 /* mensural.cpp in Sources */,
				058359CC13FB2F1E00919769 /* mensuralmixins.cpp in Sources */,
				058359CE13FB2F1E00919769 /* midi.cpp in Sources */,
				058359D013FB2F1E00919769 /* midimixins.cpp in Sources */,
				058359D213FB2F1E00919769 /* namesdates.cpp in Sources */,
				058359D413FB2F1E00919769 /* neumes.cpp in Sources */,
				058359D613FB2F1E00919769 /* neumesmixins.cpp in Sources */,
				058359D813FB2F1E00919769 /* performance.cpp in Sources */,
				058359DA13FB2F1E00919769 /* ptrref.cpp in Sources */,
				058359DC13FB2F1E00919769 /* shared.cpp in Sources */,
				058359DE13FB2F1E00919769 /* sharedmixins.cpp in Sources */,
				058359E013FB2F1E00919769 /* tablaturemixins.cpp in Sources */,
				058359E213FB2F1E00919769 /* text.cpp in Sources */,
				058359E413FB2F1E00919769 /* usersymbols.cpp in Sources */,
			);
			runOnlyForDeploymentPostprocessing = 0;
		};
/* End PBXSourcesBuildPhase section */

/* Begin XCBuildConfiguration section */
		1DEB916508733D950010E9CD /* Debug */ = {
			isa = XCBuildConfiguration;
			baseConfigurationReference = 5073E0C609E734A800EC74B6 /* libmeiProj.xcconfig */;
			buildSettings = {
				ARCHS = "$(ONLY_ACTIVE_ARCH_PRE_XCODE_3_1)";
				GCC_C_LANGUAGE_STANDARD = c99;
				GCC_OPTIMIZATION_LEVEL = 0;
				GCC_VERSION = com.apple.compilers.llvm.clang.1_0;
				GCC_WARN_ABOUT_RETURN_TYPE = YES;
				GCC_WARN_UNUSED_VARIABLE = YES;
				HEADER_SEARCH_PATHS = /usr/include/libxml2/;
				LIBRARY_SEARCH_PATHS = "";
				ONLY_ACTIVE_ARCH_PRE_XCODE_3_1 = "$(NATIVE_ARCH_ACTUAL)";
				PREBINDING = NO;
				SDKROOT = "$(DEVELOPER_SDK_DIR)/MacOSX10.7.sdk";
				WARNING_CFLAGS = "-Wall";
			};
			name = Debug;
		};
		1DEB916608733D950010E9CD /* Release */ = {
			isa = XCBuildConfiguration;
			baseConfigurationReference = 5073E0C609E734A800EC74B6 /* libmeiProj.xcconfig */;
			buildSettings = {
				ARCHS = "$(ARCHS_STANDARD_32_64_BIT_PRE_XCODE_3_1)";
				ARCHS_STANDARD_32_64_BIT_PRE_XCODE_3_1 = "x86_64 i386 ppc";
				GCC_C_LANGUAGE_STANDARD = gnu99;
				GCC_WARN_ABOUT_RETURN_TYPE = YES;
				GCC_WARN_UNUSED_VARIABLE = YES;
				HEADER_SEARCH_PATHS = /usr/include/libxml2;
				INSTALL_PATH = "@executable_path/../Frameworks";
				ONLY_ACTIVE_ARCH = NO;
				PREBINDING = NO;
				SDKROOT = "$(DEVELOPER_SDK_DIR)/MacOSX10.7.sdk";
			};
			name = Release;
		};
		617B43461304560400EBBE7F /* Debug */ = {
			isa = XCBuildConfiguration;
			buildSettings = {
				ALWAYS_SEARCH_USER_PATHS = NO;
				COPY_PHASE_STRIP = NO;
				FRAMEWORK_SEARCH_PATHS = (
					"$(inherited)",
					"$(FRAMEWORK_SEARCH_PATHS_QUOTED_FOR_TARGET_1)",
				);
				FRAMEWORK_SEARCH_PATHS_QUOTED_FOR_TARGET_1 = "\"$(SRCROOT)/../../Downloads/gtest-1.5.0/xcode/build/Release\"";
				GCC_DYNAMIC_NO_PIC = NO;
				GCC_ENABLE_FIX_AND_CONTINUE = YES;
				GCC_MODEL_TUNING = G5;
				GCC_OPTIMIZATION_LEVEL = 0;
				HEADER_SEARCH_PATHS = (
					/usr/include/libxml2,
					../src,
				);
				INSTALL_PATH = /usr/local/bin;
				OTHER_LDFLAGS = "-lxml2";
				PREBINDING = NO;
				PRODUCT_NAME = readmei;
			};
			name = Debug;
		};
		617B43471304560400EBBE7F /* Release */ = {
			isa = XCBuildConfiguration;
			buildSettings = {
				ALWAYS_SEARCH_USER_PATHS = NO;
				COPY_PHASE_STRIP = YES;
				DEBUG_INFORMATION_FORMAT = "dwarf-with-dsym";
				FRAMEWORK_SEARCH_PATHS = (
					"$(inherited)",
					"$(FRAMEWORK_SEARCH_PATHS_QUOTED_FOR_TARGET_1)",
				);
				FRAMEWORK_SEARCH_PATHS_QUOTED_FOR_TARGET_1 = "\"$(SRCROOT)/../../Downloads/gtest-1.5.0/xcode/build/Release\"";
				GCC_ENABLE_FIX_AND_CONTINUE = NO;
				GCC_MODEL_TUNING = G5;
				HEADER_SEARCH_PATHS = ../src;
				INSTALL_PATH = /usr/local/bin;
				PREBINDING = NO;
				PRODUCT_NAME = readmei;
				ZERO_LINK = NO;
			};
			name = Release;
		};
		61DBCC291312C04100B46918 /* Debug */ = {
			isa = XCBuildConfiguration;
			buildSettings = {
				ALWAYS_SEARCH_USER_PATHS = NO;
				COPY_PHASE_STRIP = NO;
				FRAMEWORK_SEARCH_PATHS = (
					"$(inherited)",
					"$(FRAMEWORK_SEARCH_PATHS_QUOTED_FOR_TARGET_1)",
					"$(FRAMEWORK_SEARCH_PATHS_QUOTED_FOR_TARGET_2)",
					"$(FRAMEWORK_SEARCH_PATHS_QUOTED_FOR_TARGET_3)",
					"$(FRAMEWORK_SEARCH_PATHS_QUOTED_FOR_TARGET_4)",
					"$(FRAMEWORK_SEARCH_PATHS_QUOTED_FOR_TARGET_5)",
					"$(FRAMEWORK_SEARCH_PATHS_QUOTED_FOR_TARGET_6)",
				);
				FRAMEWORK_SEARCH_PATHS_QUOTED_FOR_TARGET_1 = "\"$(SRCROOT)/../../Downloads/gtest-1.5.0/xcode/build/Release\"";
				FRAMEWORK_SEARCH_PATHS_QUOTED_FOR_TARGET_2 = "\"$(SRCROOT)/build/Debug\"";
				FRAMEWORK_SEARCH_PATHS_QUOTED_FOR_TARGET_3 = "\"$(SRCROOT)\"";
				FRAMEWORK_SEARCH_PATHS_QUOTED_FOR_TARGET_4 = "\"$(SRCROOT)/..\"";
				FRAMEWORK_SEARCH_PATHS_QUOTED_FOR_TARGET_5 = "\"$(SRCROOT)/../ax-libs/osx\"";
				FRAMEWORK_SEARCH_PATHS_QUOTED_FOR_TARGET_6 = "\"$(SRCROOT)/../../../Library/Frameworks\"";
				GCC_DYNAMIC_NO_PIC = NO;
				GCC_ENABLE_FIX_AND_CONTINUE = YES;
				GCC_MODEL_TUNING = G5;
				GCC_OPTIMIZATION_LEVEL = 0;
				INSTALL_PATH = /usr/local/bin;
				PREBINDING = NO;
				PRODUCT_NAME = mei_test;
			};
			name = Debug;
		};
		61DBCC2A1312C04100B46918 /* Release */ = {
			isa = XCBuildConfiguration;
			buildSettings = {
				ALWAYS_SEARCH_USER_PATHS = NO;
				COPY_PHASE_STRIP = YES;
				DEBUG_INFORMATION_FORMAT = "dwarf-with-dsym";
				FRAMEWORK_SEARCH_PATHS = (
					"$(inherited)",
					"$(FRAMEWORK_SEARCH_PATHS_QUOTED_FOR_TARGET_1)",
					"$(FRAMEWORK_SEARCH_PATHS_QUOTED_FOR_TARGET_2)",
					"$(FRAMEWORK_SEARCH_PATHS_QUOTED_FOR_TARGET_3)",
					"$(FRAMEWORK_SEARCH_PATHS_QUOTED_FOR_TARGET_4)",
					"$(FRAMEWORK_SEARCH_PATHS_QUOTED_FOR_TARGET_5)",
					"$(FRAMEWORK_SEARCH_PATHS_QUOTED_FOR_TARGET_6)",
				);
				FRAMEWORK_SEARCH_PATHS_QUOTED_FOR_TARGET_1 = "\"$(SRCROOT)/../../Downloads/gtest-1.5.0/xcode/build/Release\"";
				FRAMEWORK_SEARCH_PATHS_QUOTED_FOR_TARGET_2 = "\"$(SRCROOT)/build/Debug\"";
				FRAMEWORK_SEARCH_PATHS_QUOTED_FOR_TARGET_3 = "\"$(SRCROOT)\"";
				FRAMEWORK_SEARCH_PATHS_QUOTED_FOR_TARGET_4 = "\"$(SRCROOT)/..\"";
				FRAMEWORK_SEARCH_PATHS_QUOTED_FOR_TARGET_5 = "\"$(SRCROOT)/../ax-libs/osx\"";
				FRAMEWORK_SEARCH_PATHS_QUOTED_FOR_TARGET_6 = "\"$(SRCROOT)/../build/Release";
				GCC_ENABLE_FIX_AND_CONTINUE = NO;
				GCC_MODEL_TUNING = G5;
				INSTALL_PATH = /usr/local/bin;
				PREBINDING = NO;
				PRODUCT_NAME = mei_test;
				ZERO_LINK = NO;
			};
			name = Release;
		};
		61DBCCD11312C85E00B46918 /* Debug */ = {
			isa = XCBuildConfiguration;
			buildSettings = {
				ALWAYS_SEARCH_USER_PATHS = NO;
				ARCHS = "$(ARCHS_STANDARD_32_64_BIT_PRE_XCODE_3_1)";
				ARCHS_STANDARD_32_64_BIT_PRE_XCODE_3_1 = "x86_64 i386 ppc";
				COPY_PHASE_STRIP = NO;
				DYLIB_COMPATIBILITY_VERSION = 1;
				DYLIB_CURRENT_VERSION = 1;
				FRAMEWORK_SEARCH_PATHS = "";
				FRAMEWORK_SEARCH_PATHS_QUOTED_FOR_TARGET_1 = "\"$(SRCROOT)/../ax-libs/osx\"";
				FRAMEWORK_VERSION = A;
				GCC_DYNAMIC_NO_PIC = NO;
				GCC_ENABLE_FIX_AND_CONTINUE = YES;
				GCC_MODEL_TUNING = G5;
				GCC_OPTIMIZATION_LEVEL = 0;
				GCC_PRECOMPILE_PREFIX_HEADER = YES;
				GCC_PREFIX_HEADER = "";
				GCC_VERSION = com.apple.compilers.llvm.clang.1_0;
				HEADER_SEARCH_PATHS = /usr/include/libxml2/;
				INFOPLIST_FILE = "mei-Info.plist";
				INSTALL_PATH = "";
				LD_DYLIB_INSTALL_NAME = "$(EXECUTABLE_PATH)";
				LIBRARY_SEARCH_PATHS = "";
				LIBRARY_SEARCH_PATHS_QUOTED_FOR_TARGET_1 = "\"$(SRCROOT)/build/Debug/mei.framework/Versions/A\"";
				ONLY_ACTIVE_ARCH = NO;
				OTHER_LDFLAGS = "-lxml2";
				PREBINDING = NO;
				PRODUCT_NAME = mei;
				SKIP_INSTALL = NO;
			};
			name = Debug;
		};
		61DBCCD21312C85E00B46918 /* Release */ = {
			isa = XCBuildConfiguration;
			buildSettings = {
				ALWAYS_SEARCH_USER_PATHS = NO;
				ARCHS = "$(ARCHS_STANDARD_32_64_BIT_PRE_XCODE_3_1)";
				ARCHS_STANDARD_32_64_BIT_PRE_XCODE_3_1 = "x86_64 i386 ppc";
				COPY_PHASE_STRIP = YES;
				DEBUG_INFORMATION_FORMAT = "dwarf-with-dsym";
				DYLIB_COMPATIBILITY_VERSION = 1;
				DYLIB_CURRENT_VERSION = 1;
				FRAMEWORK_SEARCH_PATHS = "";
				FRAMEWORK_VERSION = A;
				GCC_ENABLE_FIX_AND_CONTINUE = NO;
				GCC_MODEL_TUNING = G5;
				GCC_PRECOMPILE_PREFIX_HEADER = YES;
				GCC_PREFIX_HEADER = "";
				GCC_VERSION = com.apple.compilers.llvm.clang.1_0;
				INFOPLIST_FILE = "mei-Info.plist";
				INSTALL_PATH = "/Library/Frameworks/$(EXECUTABLE_PATH)";
				LD_DYLIB_INSTALL_NAME = "@executable_path/../Frameworks/$(EXECUTABLE_PATH)";
				LIBRARY_SEARCH_PATHS = "";
				OTHER_LDFLAGS = "-lxml2";
				PREBINDING = NO;
				PRODUCT_NAME = mei;
				ZERO_LINK = NO;
			};
			name = Release;
		};
/* End XCBuildConfiguration section */

/* Begin XCConfigurationList section */
		1DEB916408733D950010E9CD /* Build configuration list for PBXProject "libmei" */ = {
			isa = XCConfigurationList;
			buildConfigurations = (
				1DEB916508733D950010E9CD /* Debug */,
				1DEB916608733D950010E9CD /* Release */,
			);
			defaultConfigurationIsVisible = 0;
			defaultConfigurationName = Release;
		};
		617B434D1304566200EBBE7F /* Build configuration list for PBXNativeTarget "readmei" */ = {
			isa = XCConfigurationList;
			buildConfigurations = (
				617B43461304560400EBBE7F /* Debug */,
				617B43471304560400EBBE7F /* Release */,
			);
			defaultConfigurationIsVisible = 0;
			defaultConfigurationName = Release;
		};
		61DBCC2B1312C05F00B46918 /* Build configuration list for PBXNativeTarget "mei_test" */ = {
			isa = XCConfigurationList;
			buildConfigurations = (
				61DBCC291312C04100B46918 /* Debug */,
				61DBCC2A1312C04100B46918 /* Release */,
			);
			defaultConfigurationIsVisible = 0;
			defaultConfigurationName = Release;
		};
		61DBCCD31312C85E00B46918 /* Build configuration list for PBXNativeTarget "mei" */ = {
			isa = XCConfigurationList;
			buildConfigurations = (
				61DBCCD11312C85E00B46918 /* Debug */,
				61DBCCD21312C85E00B46918 /* Release */,
			);
			defaultConfigurationIsVisible = 0;
			defaultConfigurationName = Release;
		};
/* End XCConfigurationList section */
	};
	rootObject = 0867D690FE84028FC02AAC07 /* Project object */;
}
